// !$*UTF8*$!
{
	archiveVersion = 1;
	classes = {
	};
	objectVersion = 45;
	objects = {

/* Begin PBXBuildFile section */
		1D3623260D0F684500981E51 /* iOctocat.m in Sources */ = {isa = PBXBuildFile; fileRef = 1D3623250D0F684500981E51 /* iOctocat.m */; };
		1D60589B0D05DD56006BFB54 /* main.m in Sources */ = {isa = PBXBuildFile; fileRef = 29B97316FDCFA39411CA2CEA /* main.m */; };
		1D60589F0D05DD5A006BFB54 /* Foundation.framework in Frameworks */ = {isa = PBXBuildFile; fileRef = 1D30AB110D05D00D00671497 /* Foundation.framework */; };
		1DF5F4E00D08C38300B7A737 /* UIKit.framework in Frameworks */ = {isa = PBXBuildFile; fileRef = 1DF5F4DF0D08C38300B7A737 /* UIKit.framework */; };
		2215358F14217989005A417D /* Default.png in Resources */ = {isa = PBXBuildFile; fileRef = 2215358B14217989005A417D /* Default.png */; };
		2215359014217989005A417D /* Default@2x.png in Resources */ = {isa = PBXBuildFile; fileRef = 2215358C14217989005A417D /* Default@2x.png */; };
		2215359114217989005A417D /* icon.png in Resources */ = {isa = PBXBuildFile; fileRef = 2215358D14217989005A417D /* icon.png */; };
		2215359214217989005A417D /* icon@2x.png in Resources */ = {isa = PBXBuildFile; fileRef = 2215358E14217989005A417D /* icon@2x.png */; };
		221535A214218562005A417D /* Player.xib in Resources */ = {isa = PBXBuildFile; fileRef = 221535A114218562005A417D /* Player.xib */; };
		2219ED04142327E5002223D7 /* MyFeedsController.m in Sources */ = {isa = PBXBuildFile; fileRef = 2219ED03142327E5002223D7 /* MyFeedsController.m */; };
		2219ED29142328FF002223D7 /* SettingsController.m in Sources */ = {isa = PBXBuildFile; fileRef = 2219ED28142328FF002223D7 /* SettingsController.m */; };
		229D8C4F14214865009D6A85 /* GHGravatar.m in Sources */ = {isa = PBXBuildFile; fileRef = 229D8C4E14214865009D6A85 /* GHGravatar.m */; };
		229D8D1114215B12009D6A85 /* TrackCell.xib in Resources */ = {isa = PBXBuildFile; fileRef = 229D8D1014215B12009D6A85 /* TrackCell.xib */; };
		229D8D1614215CD9009D6A85 /* TrackCell.m in Sources */ = {isa = PBXBuildFile; fileRef = 229D8D1514215CD9009D6A85 /* TrackCell.m */; };
		22A3AD1A14219ABE005EE1C3 /* AudioStreamer.m in Sources */ = {isa = PBXBuildFile; fileRef = 22A3AD1714219ABE005EE1C3 /* AudioStreamer.m */; };
		22A3AD1B14219ABE005EE1C3 /* UIDevice+Hardware.m in Sources */ = {isa = PBXBuildFile; fileRef = 22A3AD1914219ABE005EE1C3 /* UIDevice+Hardware.m */; };
		22D28CA1142306EB0044E18D /* GHTrack.m in Sources */ = {isa = PBXBuildFile; fileRef = 22D28C9F142306EB0044E18D /* GHTrack.m */; };
		22FB82281423046B00D63F73 /* FeedEntryController.m in Sources */ = {isa = PBXBuildFile; fileRef = 22FB82271423046B00D63F73 /* FeedEntryController.m */; };
		22FB822B1423049100D63F73 /* GHFeedEntry.m in Sources */ = {isa = PBXBuildFile; fileRef = 22FB822A1423049100D63F73 /* GHFeedEntry.m */; };
		22FB8231142304B300D63F73 /* GHFeedParserDelegate.m in Sources */ = {isa = PBXBuildFile; fileRef = 22FB822E142304B300D63F73 /* GHFeedParserDelegate.m */; };
		22FB8232142304B300D63F73 /* GHResourcesParserDelegate.m in Sources */ = {isa = PBXBuildFile; fileRef = 22FB8230142304B300D63F73 /* GHResourcesParserDelegate.m */; };
		6F14B64A0FA5F37500F74B4C /* GHResource.m in Sources */ = {isa = PBXBuildFile; fileRef = 6F14B6490FA5F37500F74B4C /* GHResource.m */; };
		6F15FAA4123E3EE600E56F92 /* download.png in Resources */ = {isa = PBXBuildFile; fileRef = 6F15FAA3123E3EE600E56F92 /* download.png */; };
		6F1BCBE20FAC586800D66E02 /* upvote.png in Resources */ = {isa = PBXBuildFile; fileRef = 6F1BCBE00FAC586800D66E02 /* upvote.png */; };
		6F1BCC310FAC5C2C00D66E02 /* IssueDetailsHeadBackground.png in Resources */ = {isa = PBXBuildFile; fileRef = 6F1BCC300FAC5C2C00D66E02 /* IssueDetailsHeadBackground.png */; };
		6F1DC39B0F7E52F000FCD26D /* Settings.bundle in Resources */ = {isa = PBXBuildFile; fileRef = 6F1DC39A0F7E52F000FCD26D /* Settings.bundle */; };
		6F1DC4460F7E5A8A00FCD26D /* GHFeed.m in Sources */ = {isa = PBXBuildFile; fileRef = 6F1DC4450F7E5A8A00FCD26D /* GHFeed.m */; };
		6F1DC5C50F7E7F4600FCD26D /* comment.png in Resources */ = {isa = PBXBuildFile; fileRef = 6F1DC5BE0F7E7F4600FCD26D /* comment.png */; };
		6F1DC5C60F7E7F4600FCD26D /* create.png in Resources */ = {isa = PBXBuildFile; fileRef = 6F1DC5BF0F7E7F4600FCD26D /* create.png */; };
		6F1DC5C70F7E7F4600FCD26D /* fork.png in Resources */ = {isa = PBXBuildFile; fileRef = 6F1DC5C00F7E7F4600FCD26D /* fork.png */; };
		6F1DC5C80F7E7F4600FCD26D /* merge.png in Resources */ = {isa = PBXBuildFile; fileRef = 6F1DC5C10F7E7F4600FCD26D /* merge.png */; };
		6F1DC5C90F7E7F4600FCD26D /* push.png in Resources */ = {isa = PBXBuildFile; fileRef = 6F1DC5C20F7E7F4600FCD26D /* push.png */; };
		6F1DC5CB0F7E7F4600FCD26D /* wiki.png in Resources */ = {isa = PBXBuildFile; fileRef = 6F1DC5C40F7E7F4600FCD26D /* wiki.png */; };
		6F1DC6440F7E8BDA00FCD26D /* watch.png in Resources */ = {isa = PBXBuildFile; fileRef = 6F1DC6430F7E8BDA00FCD26D /* watch.png */; };
		6F1DC65A0F7E8D6900FCD26D /* WebView.xib in Resources */ = {isa = PBXBuildFile; fileRef = 6F1DC6590F7E8D6900FCD26D /* WebView.xib */; };
		6F1DC6740F7E8E1900FCD26D /* WebController.m in Sources */ = {isa = PBXBuildFile; fileRef = 6F1DC6730F7E8E1900FCD26D /* WebController.m */; };
		6F20089B111A12FF00623EC0 /* ToolbarDown.png in Resources */ = {isa = PBXBuildFile; fileRef = 6F200899111A12FF00623EC0 /* ToolbarDown.png */; };
		6F20089C111A12FF00623EC0 /* ToolbarUp.png in Resources */ = {isa = PBXBuildFile; fileRef = 6F20089A111A12FF00623EC0 /* ToolbarUp.png */; };
		6F2C76AE1114E65A002665DA /* CommitHeadBackground.png in Resources */ = {isa = PBXBuildFile; fileRef = 6F2C76AD1114E65A002665DA /* CommitHeadBackground.png */; };
		6F2C76EC1114EDEF002665DA /* file_added.png in Resources */ = {isa = PBXBuildFile; fileRef = 6F2C76E81114EDEF002665DA /* file_added.png */; };
		6F2C76ED1114EDEF002665DA /* file_modified.png in Resources */ = {isa = PBXBuildFile; fileRef = 6F2C76E91114EDEF002665DA /* file_modified.png */; };
		6F2C76EE1114EDEF002665DA /* file_removed.png in Resources */ = {isa = PBXBuildFile; fileRef = 6F2C76EA1114EDEF002665DA /* file_removed.png */; };
		6F2C76EF1114EDEF002665DA /* file_renamed.png in Resources */ = {isa = PBXBuildFile; fileRef = 6F2C76EB1114EDEF002665DA /* file_renamed.png */; };
		6F2D9A890FB1887300FFABE9 /* SearchController.m in Sources */ = {isa = PBXBuildFile; fileRef = 6F2D9A880FB1887300FFABE9 /* SearchController.m */; };
		6F2D9B510FB19AF800FFABE9 /* OverlayController.m in Sources */ = {isa = PBXBuildFile; fileRef = 6F2D9B500FB19AF800FFABE9 /* OverlayController.m */; };
		6F316D8C111AD2E400FC4FE9 /* TabBarRepositories.png in Resources */ = {isa = PBXBuildFile; fileRef = 6F316D8B111AD2E400FC4FE9 /* TabBarRepositories.png */; };
		6F316D94111AD7D700FC4FE9 /* ToolbarUsers.png in Resources */ = {isa = PBXBuildFile; fileRef = 6F316D93111AD7D700FC4FE9 /* ToolbarUsers.png */; };
		6F316D96111AD87700FC4FE9 /* ToolbarCompass.png in Resources */ = {isa = PBXBuildFile; fileRef = 6F316D95111AD87700FC4FE9 /* ToolbarCompass.png */; };
		6F316D99111ADA4F00FC4FE9 /* ToolbarUnwatch.png in Resources */ = {isa = PBXBuildFile; fileRef = 6F316D97111ADA4F00FC4FE9 /* ToolbarUnwatch.png */; };
		6F316D9A111ADA4F00FC4FE9 /* ToolbarWatch.png in Resources */ = {isa = PBXBuildFile; fileRef = 6F316D98111ADA4F00FC4FE9 /* ToolbarWatch.png */; };
		6F316D9D111ADBA300FC4FE9 /* ToolbarFavorite.png in Resources */ = {isa = PBXBuildFile; fileRef = 6F316D9B111ADBA300FC4FE9 /* ToolbarFavorite.png */; };
		6F316D9E111ADBA300FC4FE9 /* ToolbarRepository.png in Resources */ = {isa = PBXBuildFile; fileRef = 6F316D9C111ADBA300FC4FE9 /* ToolbarRepository.png */; };
		6F316DA3111ADF2600FC4FE9 /* TabBarInbox.png in Resources */ = {isa = PBXBuildFile; fileRef = 6F316DA2111ADF2600FC4FE9 /* TabBarInbox.png */; };
		6F358BFB0FB1EA6F004D2828 /* DefaultGravatar.png in Resources */ = {isa = PBXBuildFile; fileRef = 6F358BF90FB1EA6F004D2828 /* DefaultGravatar.png */; };
		6F358C090FB1EAE0004D2828 /* Overlay.xib in Resources */ = {isa = PBXBuildFile; fileRef = 6F358C050FB1EAE0004D2828 /* Overlay.xib */; };
		6F358C0A0FB1EAE0004D2828 /* Search.xib in Resources */ = {isa = PBXBuildFile; fileRef = 6F358C060FB1EAE0004D2828 /* Search.xib */; };
		6F358C5C0FB1EEC4004D2828 /* GHSearch.m in Sources */ = {isa = PBXBuildFile; fileRef = 6F358C5B0FB1EEC4004D2828 /* GHSearch.m */; };
		6F35BD390F88B01900E978CD /* GHUser.m in Sources */ = {isa = PBXBuildFile; fileRef = 6F35BD380F88B01900E978CD /* GHUser.m */; };
		6F5653030F99CB52001B6703 /* issue.png in Resources */ = {isa = PBXBuildFile; fileRef = 6F5653020F99CB52001B6703 /* issue.png */; };
		6F5653060F99CB62001B6703 /* private.png in Resources */ = {isa = PBXBuildFile; fileRef = 6F5653040F99CB62001B6703 /* private.png */; };
		6F5653070F99CB62001B6703 /* public.png in Resources */ = {isa = PBXBuildFile; fileRef = 6F5653050F99CB62001B6703 /* public.png */; };
		6F5653150F99DD75001B6703 /* FeedEntryCellBackground.png in Resources */ = {isa = PBXBuildFile; fileRef = 6F5653140F99DD75001B6703 /* FeedEntryCellBackground.png */; };
		6F593A041116179D004B70FB /* format.html in Resources */ = {isa = PBXBuildFile; fileRef = 6F593A031116179D004B70FB /* format.html */; };
		6F59BC950FC6C51800412597 /* Settings.xib in Resources */ = {isa = PBXBuildFile; fileRef = 6F59BC930FC6C51800412597 /* Settings.xib */; };
		6F5A40890F90B25F00427ED7 /* User.xib in Resources */ = {isa = PBXBuildFile; fileRef = 6F5A40860F90B25F00427ED7 /* User.xib */; };
		6F5A41790F90C42800427ED7 /* Repository.xib in Resources */ = {isa = PBXBuildFile; fileRef = 6F5A41780F90C42800427ED7 /* Repository.xib */; };
		6F5A420E0F90CE0500427ED7 /* TextCell.m in Sources */ = {isa = PBXBuildFile; fileRef = 6F5A420D0F90CE0500427ED7 /* TextCell.m */; };
		6F5A427D0F90D66D00427ED7 /* RepositoryTableHeadBackground.png in Resources */ = {isa = PBXBuildFile; fileRef = 6F5A427C0F90D66D00427ED7 /* RepositoryTableHeadBackground.png */; };
		6F5E9ABB1119A96000752560 /* CDataScanner_Extensions.m in Sources */ = {isa = PBXBuildFile; fileRef = 6F5E9A991119A96000752560 /* CDataScanner_Extensions.m */; };
		6F5E9ABC1119A96000752560 /* NSCharacterSet_Extensions.m in Sources */ = {isa = PBXBuildFile; fileRef = 6F5E9A9B1119A96000752560 /* NSCharacterSet_Extensions.m */; };
		6F5E9ABD1119A96000752560 /* NSDate+Nibware.m in Sources */ = {isa = PBXBuildFile; fileRef = 6F5E9A9D1119A96000752560 /* NSDate+Nibware.m */; };
		6F5E9ABE1119A96000752560 /* NSDictionary_JSONExtensions.m in Sources */ = {isa = PBXBuildFile; fileRef = 6F5E9A9F1119A96000752560 /* NSDictionary_JSONExtensions.m */; };
		6F5E9ABF1119A96000752560 /* NSScanner_Extensions.m in Sources */ = {isa = PBXBuildFile; fileRef = 6F5E9AA11119A96000752560 /* NSScanner_Extensions.m */; };
		6F5E9AC41119A96000752560 /* CDataScanner.m in Sources */ = {isa = PBXBuildFile; fileRef = 6F5E9AAD1119A96000752560 /* CDataScanner.m */; };
		6F5E9AC51119A96000752560 /* EGORefreshTableHeaderView.m in Sources */ = {isa = PBXBuildFile; fileRef = 6F5E9AAF1119A96000752560 /* EGORefreshTableHeaderView.m */; };
		6F5E9AC61119A96000752560 /* CJSONDeserializer.m in Sources */ = {isa = PBXBuildFile; fileRef = 6F5E9AB21119A96000752560 /* CJSONDeserializer.m */; };
		6F5E9AC71119A96000752560 /* CJSONScanner.m in Sources */ = {isa = PBXBuildFile; fileRef = 6F5E9AB41119A96000752560 /* CJSONScanner.m */; };
		6F5E9AC81119A96000752560 /* CJSONSerializer.m in Sources */ = {isa = PBXBuildFile; fileRef = 6F5E9AB61119A96000752560 /* CJSONSerializer.m */; };
		6F5E9AC91119A96000752560 /* PullToRefreshTableViewController.m in Sources */ = {isa = PBXBuildFile; fileRef = 6F5E9AB81119A96000752560 /* PullToRefreshTableViewController.m */; };
		6F5E9B631119AD2100752560 /* CoreGraphics.framework in Frameworks */ = {isa = PBXBuildFile; fileRef = 6F5E9B621119AD2100752560 /* CoreGraphics.framework */; };
		6F5E9B6E1119AD5B00752560 /* QuartzCore.framework in Frameworks */ = {isa = PBXBuildFile; fileRef = 6F5E9AFB1119AACC00752560 /* QuartzCore.framework */; };
		6F5E9B6F1119AD5E00752560 /* AudioToolbox.framework in Frameworks */ = {isa = PBXBuildFile; fileRef = 6F5E9B011119AB1900752560 /* AudioToolbox.framework */; };
		6F5E9BC61119B6C000752560 /* RefreshArrow.png in Resources */ = {isa = PBXBuildFile; fileRef = 6F5E9BC51119B6C000752560 /* RefreshArrow.png */; };
		6F5E9C791119D43E00752560 /* TabBarFeeds.png in Resources */ = {isa = PBXBuildFile; fileRef = 6F5E9C751119D43E00752560 /* TabBarFeeds.png */; };
		6F5E9C7A1119D43E00752560 /* TabBarNetwork.png in Resources */ = {isa = PBXBuildFile; fileRef = 6F5E9C761119D43E00752560 /* TabBarNetwork.png */; };
		6F5E9C7E1119D4AF00752560 /* ToolbarIssue.png in Resources */ = {isa = PBXBuildFile; fileRef = 6F5E9C7C1119D4AF00752560 /* ToolbarIssue.png */; };
		6F5E9C7F1119D4AF00752560 /* ToolbarUser.png in Resources */ = {isa = PBXBuildFile; fileRef = 6F5E9C7D1119D4AF00752560 /* ToolbarUser.png */; };
		6F6F175311E316B3008B319F /* Reachability.m in Sources */ = {isa = PBXBuildFile; fileRef = 6F6F175211E316B3008B319F /* Reachability.m */; };
		6F6F176511E316C5008B319F /* ASIAuthenticationDialog.m in Sources */ = {isa = PBXBuildFile; fileRef = 6F6F175611E316C5008B319F /* ASIAuthenticationDialog.m */; };
		6F6F176611E316C5008B319F /* ASIDownloadCache.m in Sources */ = {isa = PBXBuildFile; fileRef = 6F6F175911E316C5008B319F /* ASIDownloadCache.m */; };
		6F6F176711E316C5008B319F /* ASIFormDataRequest.m in Sources */ = {isa = PBXBuildFile; fileRef = 6F6F175B11E316C5008B319F /* ASIFormDataRequest.m */; };
		6F6F176811E316C5008B319F /* ASIHTTPRequest.m in Sources */ = {isa = PBXBuildFile; fileRef = 6F6F175D11E316C5008B319F /* ASIHTTPRequest.m */; };
		6F6F176911E316C5008B319F /* ASIInputStream.m in Sources */ = {isa = PBXBuildFile; fileRef = 6F6F176111E316C5008B319F /* ASIInputStream.m */; };
		6F6F176A11E316C5008B319F /* ASINetworkQueue.m in Sources */ = {isa = PBXBuildFile; fileRef = 6F6F176311E316C5008B319F /* ASINetworkQueue.m */; };
		6F6F177011E316F3008B319F /* SystemConfiguration.framework in Frameworks */ = {isa = PBXBuildFile; fileRef = 6F6F176F11E316F3008B319F /* SystemConfiguration.framework */; };
		6F6F177411E316FE008B319F /* MobileCoreServices.framework in Frameworks */ = {isa = PBXBuildFile; fileRef = 6F6F177311E316FE008B319F /* MobileCoreServices.framework */; };
		6F72FB210F9B51FE0069F092 /* FeedEntryDetailsHeadBackground.png in Resources */ = {isa = PBXBuildFile; fileRef = 6F72FB200F9B51FE0069F092 /* FeedEntryDetailsHeadBackground.png */; };
		6F72FB2F0F9B53810069F092 /* FeedEntryCell.m in Sources */ = {isa = PBXBuildFile; fileRef = 6F72FB2E0F9B53810069F092 /* FeedEntryCell.m */; };
		6F74DD890FA76CCA00FD90AB /* FeedEntryCell.xib in Resources */ = {isa = PBXBuildFile; fileRef = 6F74DD880FA76CCA00FD90AB /* FeedEntryCell.xib */; };
		6F879A1D0FB60CB500EBD9BD /* group.png in Resources */ = {isa = PBXBuildFile; fileRef = 6F879A1B0FB60CB500EBD9BD /* group.png */; };
		6F879A1E0FB60CB500EBD9BD /* user.png in Resources */ = {isa = PBXBuildFile; fileRef = 6F879A1C0FB60CB500EBD9BD /* user.png */; };
		6F879A5C0FB611FD00EBD9BD /* UserCell.xib in Resources */ = {isa = PBXBuildFile; fileRef = 6F879A5A0FB611FD00EBD9BD /* UserCell.xib */; };
		6F879A5D0FB611FD00EBD9BD /* Users.xib in Resources */ = {isa = PBXBuildFile; fileRef = 6F879A5B0FB611FD00EBD9BD /* Users.xib */; };
		6F879AB10FB6184500EBD9BD /* UserCellBackground.png in Resources */ = {isa = PBXBuildFile; fileRef = 6F879AB00FB6184500EBD9BD /* UserCellBackground.png */; };
		6F879AE80FB61C7A00EBD9BD /* GHUsers.m in Sources */ = {isa = PBXBuildFile; fileRef = 6F879AE70FB61C7A00EBD9BD /* GHUsers.m */; };
		6F8E7DF4123C0E8B007E93E6 /* pull_request.png in Resources */ = {isa = PBXBuildFile; fileRef = 6F8E7DF3123C0E8B007E93E6 /* pull_request.png */; };
		6FA92AFE0FACD51A001B1D1D /* FeedEntry.xib in Resources */ = {isa = PBXBuildFile; fileRef = 6FA92AFC0FACD51A001B1D1D /* FeedEntry.xib */; };
		6FA92B1C0FACD648001B1D1D /* issues_closed.png in Resources */ = {isa = PBXBuildFile; fileRef = 6FA92B1A0FACD648001B1D1D /* issues_closed.png */; };
		6FA92B1D0FACD648001B1D1D /* issues_open.png in Resources */ = {isa = PBXBuildFile; fileRef = 6FA92B1B0FACD648001B1D1D /* issues_open.png */; };
		6FA92B320FACD6EA001B1D1D /* MyFeeds.xib in Resources */ = {isa = PBXBuildFile; fileRef = 6FA92B300FACD6EA001B1D1D /* MyFeeds.xib */; };
		6FB7FEAB0F7E2C8700E8D702 /* MainWindow.xib in Resources */ = {isa = PBXBuildFile; fileRef = 6FB7FEA90F7E2C8700E8D702 /* MainWindow.xib */; };
		6FC0D3EA11580DAF00511B7F /* ToolbarCommit.png in Resources */ = {isa = PBXBuildFile; fileRef = 6FC0D3E911580DAF00511B7F /* ToolbarCommit.png */; };
		6FC95F1F0F8905F500FC0968 /* UserController.m in Sources */ = {isa = PBXBuildFile; fileRef = 6FC95F1E0F8905F500FC0968 /* UserController.m */; };
		6FC95F280F8908ED00FC0968 /* UserTableHeadBackground.png in Resources */ = {isa = PBXBuildFile; fileRef = 6FC95F270F8908ED00FC0968 /* UserTableHeadBackground.png */; };
		6FC9610C0F8935DC00FC0968 /* LabeledCell.m in Sources */ = {isa = PBXBuildFile; fileRef = 6FC9610B0F8935DC00FC0968 /* LabeledCell.m */; };
		6FCAF1660F895756005E1173 /* GravatarLoader.m in Sources */ = {isa = PBXBuildFile; fileRef = 6FCAF1650F895756005E1173 /* GravatarLoader.m */; };
		6FCDC6400FC04D330024E498 /* feed.png in Resources */ = {isa = PBXBuildFile; fileRef = 6FCDC63F0FC04D330024E498 /* feed.png */; };
		6FCDC66C0FC04F180024E498 /* Feed.xib in Resources */ = {isa = PBXBuildFile; fileRef = 6FCDC66B0FC04F180024E498 /* Feed.xib */; };
		6FCE4D280F7FD48700451D6E /* commit.png in Resources */ = {isa = PBXBuildFile; fileRef = 6FCE4D240F7FD48700451D6E /* commit.png */; };
		6FCE4D290F7FD48700451D6E /* delete.png in Resources */ = {isa = PBXBuildFile; fileRef = 6FCE4D250F7FD48700451D6E /* delete.png */; };
		6FCE4D2A0F7FD48700451D6E /* follow.png in Resources */ = {isa = PBXBuildFile; fileRef = 6FCE4D260F7FD48700451D6E /* follow.png */; };
		6FCE4D2B0F7FD48700451D6E /* gist.png in Resources */ = {isa = PBXBuildFile; fileRef = 6FCE4D270F7FD48700451D6E /* gist.png */; };
		6FCE4DB70F7FE5C600451D6E /* member.png in Resources */ = {isa = PBXBuildFile; fileRef = 6FCE4DB60F7FE5C600451D6E /* member.png */; };
		6FD61A0A0FA7AB26008C751B /* FollowButton.png in Resources */ = {isa = PBXBuildFile; fileRef = 6FD61A060FA7AB26008C751B /* FollowButton.png */; };
		6FD61A0B0FA7AB26008C751B /* UnfollowButton.png in Resources */ = {isa = PBXBuildFile; fileRef = 6FD61A070FA7AB26008C751B /* UnfollowButton.png */; };
		6FD61A0C0FA7AB26008C751B /* UnwatchButton.png in Resources */ = {isa = PBXBuildFile; fileRef = 6FD61A080FA7AB26008C751B /* UnwatchButton.png */; };
		6FD61A0D0FA7AB26008C751B /* WatchButton.png in Resources */ = {isa = PBXBuildFile; fileRef = 6FD61A090FA7AB26008C751B /* WatchButton.png */; };
		6FE7D35A1156AE16004B4D68 /* NSString+Extensions.m in Sources */ = {isa = PBXBuildFile; fileRef = 6FE7D3591156AE16004B4D68 /* NSString+Extensions.m */; };
		6FE91E190FAD088600749370 /* Login.xib in Resources */ = {isa = PBXBuildFile; fileRef = 6FE91E180FAD088600749370 /* Login.xib */; };
		6FE91E470FAD115300749370 /* LoginBackground.png in Resources */ = {isa = PBXBuildFile; fileRef = 6FE91E460FAD115300749370 /* LoginBackground.png */; };
		6FE91E4C0FAD13D500749370 /* LoginController.m in Sources */ = {isa = PBXBuildFile; fileRef = 6FE91E4B0FAD13D500749370 /* LoginController.m */; };
		6FE931D60FC72444008545A2 /* Archiver.m in Sources */ = {isa = PBXBuildFile; fileRef = 6FE931D50FC72444008545A2 /* Archiver.m */; };
		6FED83010FACB91000BE5C81 /* FeedController.m in Sources */ = {isa = PBXBuildFile; fileRef = 6FED83000FACB91000BE5C81 /* FeedController.m */; };
		6FF651980F8A9DA200C20E2D /* Entitlements.plist in Resources */ = {isa = PBXBuildFile; fileRef = 6FF651970F8A9DA200C20E2D /* Entitlements.plist */; };
		8C53B4D00FB0F20B00C3A8E0 /* UsersController.m in Sources */ = {isa = PBXBuildFile; fileRef = 8C53B4CF0FB0F20B00C3A8E0 /* UsersController.m */; };
		8C53B4D70FB0F32600C3A8E0 /* UserCell.m in Sources */ = {isa = PBXBuildFile; fileRef = 8C53B4D60FB0F32600C3A8E0 /* UserCell.m */; };
		8CFBCFB30FAB8A6300A2C37A /* CFNetwork.framework in Frameworks */ = {isa = PBXBuildFile; fileRef = 8CFBCFB20FAB8A6300A2C37A /* CFNetwork.framework */; };
		8CFBCFB70FAB8A6D00A2C37A /* libz.1.2.3.dylib in Frameworks */ = {isa = PBXBuildFile; fileRef = 8CFBCFB60FAB8A6D00A2C37A /* libz.1.2.3.dylib */; };
/* End PBXBuildFile section */

/* Begin PBXFileReference section */
		1D30AB110D05D00D00671497 /* Foundation.framework */ = {isa = PBXFileReference; lastKnownFileType = wrapper.framework; name = Foundation.framework; path = System/Library/Frameworks/Foundation.framework; sourceTree = SDKROOT; };
		1D3623240D0F684500981E51 /* iOctocat.h */ = {isa = PBXFileReference; fileEncoding = 4; lastKnownFileType = sourcecode.c.h; path = iOctocat.h; sourceTree = "<group>"; };
		1D3623250D0F684500981E51 /* iOctocat.m */ = {isa = PBXFileReference; fileEncoding = 4; lastKnownFileType = sourcecode.c.objc; path = iOctocat.m; sourceTree = "<group>"; };
		1D6058910D05DD3D006BFB54 /* iOctocat.app */ = {isa = PBXFileReference; explicitFileType = wrapper.application; includeInIndex = 0; path = iOctocat.app; sourceTree = BUILT_PRODUCTS_DIR; };
		1DF5F4DF0D08C38300B7A737 /* UIKit.framework */ = {isa = PBXFileReference; lastKnownFileType = wrapper.framework; name = UIKit.framework; path = System/Library/Frameworks/UIKit.framework; sourceTree = SDKROOT; };
		2215358B14217989005A417D /* Default.png */ = {isa = PBXFileReference; lastKnownFileType = image.png; name = Default.png; path = Images/Default.png; sourceTree = "<group>"; };
		2215358C14217989005A417D /* Default@2x.png */ = {isa = PBXFileReference; lastKnownFileType = image.png; name = "Default@2x.png"; path = "Images/Default@2x.png"; sourceTree = "<group>"; };
		2215358D14217989005A417D /* icon.png */ = {isa = PBXFileReference; lastKnownFileType = image.png; name = icon.png; path = Images/icon.png; sourceTree = "<group>"; };
		2215358E14217989005A417D /* icon@2x.png */ = {isa = PBXFileReference; lastKnownFileType = image.png; name = "icon@2x.png"; path = "Images/icon@2x.png"; sourceTree = "<group>"; };
		221535A114218562005A417D /* Player.xib */ = {isa = PBXFileReference; fileEncoding = 4; lastKnownFileType = file.xib; path = Player.xib; sourceTree = "<group>"; };
		2219ED02142327E5002223D7 /* MyFeedsController.h */ = {isa = PBXFileReference; fileEncoding = 4; lastKnownFileType = sourcecode.c.h; path = MyFeedsController.h; sourceTree = "<group>"; };
		2219ED03142327E5002223D7 /* MyFeedsController.m */ = {isa = PBXFileReference; fileEncoding = 4; lastKnownFileType = sourcecode.c.objc; path = MyFeedsController.m; sourceTree = "<group>"; };
		2219ED27142328FF002223D7 /* SettingsController.h */ = {isa = PBXFileReference; fileEncoding = 4; lastKnownFileType = sourcecode.c.h; path = SettingsController.h; sourceTree = "<group>"; };
		2219ED28142328FF002223D7 /* SettingsController.m */ = {isa = PBXFileReference; fileEncoding = 4; lastKnownFileType = sourcecode.c.objc; path = SettingsController.m; sourceTree = "<group>"; };
		229D8C4D14214865009D6A85 /* GHGravatar.h */ = {isa = PBXFileReference; fileEncoding = 4; lastKnownFileType = sourcecode.c.h; path = GHGravatar.h; sourceTree = "<group>"; };
		229D8C4E14214865009D6A85 /* GHGravatar.m */ = {isa = PBXFileReference; fileEncoding = 4; lastKnownFileType = sourcecode.c.objc; path = GHGravatar.m; sourceTree = "<group>"; };
		229D8D1014215B12009D6A85 /* TrackCell.xib */ = {isa = PBXFileReference; lastKnownFileType = file.xib; name = TrackCell.xib; path = IBFiles/TrackCell.xib; sourceTree = "<group>"; };
		229D8D1414215CD9009D6A85 /* TrackCell.h */ = {isa = PBXFileReference; fileEncoding = 4; lastKnownFileType = sourcecode.c.h; path = TrackCell.h; sourceTree = "<group>"; };
		229D8D1514215CD9009D6A85 /* TrackCell.m */ = {isa = PBXFileReference; fileEncoding = 4; lastKnownFileType = sourcecode.c.objc; path = TrackCell.m; sourceTree = "<group>"; };
		22A3AD1614219ABE005EE1C3 /* AudioStreamer.h */ = {isa = PBXFileReference; fileEncoding = 4; lastKnownFileType = sourcecode.c.h; path = AudioStreamer.h; sourceTree = "<group>"; };
		22A3AD1714219ABE005EE1C3 /* AudioStreamer.m */ = {isa = PBXFileReference; fileEncoding = 4; lastKnownFileType = sourcecode.c.objc; path = AudioStreamer.m; sourceTree = "<group>"; };
		22A3AD1814219ABE005EE1C3 /* UIDevice+Hardware.h */ = {isa = PBXFileReference; fileEncoding = 4; lastKnownFileType = sourcecode.c.h; path = "UIDevice+Hardware.h"; sourceTree = "<group>"; };
		22A3AD1914219ABE005EE1C3 /* UIDevice+Hardware.m */ = {isa = PBXFileReference; fileEncoding = 4; lastKnownFileType = sourcecode.c.objc; path = "UIDevice+Hardware.m"; sourceTree = "<group>"; };
		22CE69BF12B7D0E900C92FC8 /* CFNetwork.framework */ = {isa = PBXFileReference; lastKnownFileType = wrapper.framework; name = CFNetwork.framework; path = iphoneos/System/Library/Frameworks/CFNetwork.framework; sourceTree = "<group>"; };
		22D28C9F142306EB0044E18D /* GHTrack.m */ = {isa = PBXFileReference; fileEncoding = 4; lastKnownFileType = sourcecode.c.objc; path = GHTrack.m; sourceTree = "<group>"; };
		22D28CA0142306EB0044E18D /* GHTrack.h */ = {isa = PBXFileReference; fileEncoding = 4; lastKnownFileType = sourcecode.c.h; path = GHTrack.h; sourceTree = "<group>"; };
		22FB82261423046B00D63F73 /* FeedEntryController.h */ = {isa = PBXFileReference; fileEncoding = 4; lastKnownFileType = sourcecode.c.h; path = FeedEntryController.h; sourceTree = "<group>"; };
		22FB82271423046B00D63F73 /* FeedEntryController.m */ = {isa = PBXFileReference; fileEncoding = 4; lastKnownFileType = sourcecode.c.objc; path = FeedEntryController.m; sourceTree = "<group>"; };
		22FB82291423049000D63F73 /* GHFeedEntry.h */ = {isa = PBXFileReference; fileEncoding = 4; lastKnownFileType = sourcecode.c.h; path = GHFeedEntry.h; sourceTree = "<group>"; };
		22FB822A1423049100D63F73 /* GHFeedEntry.m */ = {isa = PBXFileReference; fileEncoding = 4; lastKnownFileType = sourcecode.c.objc; path = GHFeedEntry.m; sourceTree = "<group>"; };
		22FB822D142304B300D63F73 /* GHFeedParserDelegate.h */ = {isa = PBXFileReference; fileEncoding = 4; lastKnownFileType = sourcecode.c.h; path = GHFeedParserDelegate.h; sourceTree = "<group>"; };
		22FB822E142304B300D63F73 /* GHFeedParserDelegate.m */ = {isa = PBXFileReference; fileEncoding = 4; lastKnownFileType = sourcecode.c.objc; path = GHFeedParserDelegate.m; sourceTree = "<group>"; };
		22FB822F142304B300D63F73 /* GHResourcesParserDelegate.h */ = {isa = PBXFileReference; fileEncoding = 4; lastKnownFileType = sourcecode.c.h; path = GHResourcesParserDelegate.h; sourceTree = "<group>"; };
		22FB8230142304B300D63F73 /* GHResourcesParserDelegate.m */ = {isa = PBXFileReference; fileEncoding = 4; lastKnownFileType = sourcecode.c.objc; path = GHResourcesParserDelegate.m; sourceTree = "<group>"; };
		28A0AAE50D9B0CCF005BE974 /* iOctocat_Prefix.pch */ = {isa = PBXFileReference; fileEncoding = 4; lastKnownFileType = sourcecode.c.h; path = iOctocat_Prefix.pch; sourceTree = "<group>"; };
		29B97316FDCFA39411CA2CEA /* main.m */ = {isa = PBXFileReference; fileEncoding = 4; lastKnownFileType = sourcecode.c.objc; path = main.m; sourceTree = "<group>"; };
		6F0BEB4F11108FEC00E95E5A /* SynthesizeSingleton.h */ = {isa = PBXFileReference; fileEncoding = 4; lastKnownFileType = sourcecode.c.h; path = SynthesizeSingleton.h; sourceTree = "<group>"; };
		6F14B6480FA5F37500F74B4C /* GHResource.h */ = {isa = PBXFileReference; fileEncoding = 4; lastKnownFileType = sourcecode.c.h; path = GHResource.h; sourceTree = "<group>"; };
		6F14B6490FA5F37500F74B4C /* GHResource.m */ = {isa = PBXFileReference; fileEncoding = 4; lastKnownFileType = sourcecode.c.objc; path = GHResource.m; sourceTree = "<group>"; };
		6F15FAA3123E3EE600E56F92 /* download.png */ = {isa = PBXFileReference; lastKnownFileType = image.png; name = download.png; path = Images/Icons/download.png; sourceTree = "<group>"; };
		6F1BCBE00FAC586800D66E02 /* upvote.png */ = {isa = PBXFileReference; lastKnownFileType = image.png; name = upvote.png; path = Images/Icons/upvote.png; sourceTree = "<group>"; };
		6F1BCC300FAC5C2C00D66E02 /* IssueDetailsHeadBackground.png */ = {isa = PBXFileReference; lastKnownFileType = image.png; name = IssueDetailsHeadBackground.png; path = Images/IssueDetailsHeadBackground.png; sourceTree = "<group>"; };
		6F1C379A0FCA8F4A00F2FFBF /* Archiving.h */ = {isa = PBXFileReference; fileEncoding = 4; lastKnownFileType = sourcecode.c.h; path = Archiving.h; sourceTree = "<group>"; };
		6F1DC39A0F7E52F000FCD26D /* Settings.bundle */ = {isa = PBXFileReference; lastKnownFileType = "wrapper.plug-in"; path = Settings.bundle; sourceTree = "<group>"; };
		6F1DC3FC0F7E569F00FCD26D /* AppConstants.h */ = {isa = PBXFileReference; fileEncoding = 4; lastKnownFileType = sourcecode.c.h; name = AppConstants.h; path = Classes/AppConstants.h; sourceTree = "<group>"; };
		6F1DC4440F7E5A8A00FCD26D /* GHFeed.h */ = {isa = PBXFileReference; fileEncoding = 4; lastKnownFileType = sourcecode.c.h; path = GHFeed.h; sourceTree = "<group>"; };
		6F1DC4450F7E5A8A00FCD26D /* GHFeed.m */ = {isa = PBXFileReference; fileEncoding = 4; lastKnownFileType = sourcecode.c.objc; path = GHFeed.m; sourceTree = "<group>"; };
		6F1DC52E0F7E727C00FCD26D /* FeedEntryCell.h */ = {isa = PBXFileReference; fileEncoding = 4; lastKnownFileType = sourcecode.c.h; path = FeedEntryCell.h; sourceTree = "<group>"; };
		6F1DC5BE0F7E7F4600FCD26D /* comment.png */ = {isa = PBXFileReference; lastKnownFileType = image.png; name = comment.png; path = Images/Icons/comment.png; sourceTree = "<group>"; };
		6F1DC5BF0F7E7F4600FCD26D /* create.png */ = {isa = PBXFileReference; lastKnownFileType = image.png; name = create.png; path = Images/Icons/create.png; sourceTree = "<group>"; };
		6F1DC5C00F7E7F4600FCD26D /* fork.png */ = {isa = PBXFileReference; lastKnownFileType = image.png; name = fork.png; path = Images/Icons/fork.png; sourceTree = "<group>"; };
		6F1DC5C10F7E7F4600FCD26D /* merge.png */ = {isa = PBXFileReference; lastKnownFileType = image.png; name = merge.png; path = Images/Icons/merge.png; sourceTree = "<group>"; };
		6F1DC5C20F7E7F4600FCD26D /* push.png */ = {isa = PBXFileReference; lastKnownFileType = image.png; name = push.png; path = Images/Icons/push.png; sourceTree = "<group>"; };
		6F1DC5C40F7E7F4600FCD26D /* wiki.png */ = {isa = PBXFileReference; lastKnownFileType = image.png; name = wiki.png; path = Images/Icons/wiki.png; sourceTree = "<group>"; };
		6F1DC6430F7E8BDA00FCD26D /* watch.png */ = {isa = PBXFileReference; lastKnownFileType = image.png; name = watch.png; path = Images/Icons/watch.png; sourceTree = "<group>"; };
		6F1DC6590F7E8D6900FCD26D /* WebView.xib */ = {isa = PBXFileReference; lastKnownFileType = file.xib; name = WebView.xib; path = IBFiles/WebView.xib; sourceTree = "<group>"; };
		6F1DC6720F7E8E1900FCD26D /* WebController.h */ = {isa = PBXFileReference; fileEncoding = 4; lastKnownFileType = sourcecode.c.h; path = WebController.h; sourceTree = "<group>"; };
		6F1DC6730F7E8E1900FCD26D /* WebController.m */ = {isa = PBXFileReference; fileEncoding = 4; lastKnownFileType = sourcecode.c.objc; path = WebController.m; sourceTree = "<group>"; };
		6F200899111A12FF00623EC0 /* ToolbarDown.png */ = {isa = PBXFileReference; lastKnownFileType = image.png; path = ToolbarDown.png; sourceTree = "<group>"; };
		6F20089A111A12FF00623EC0 /* ToolbarUp.png */ = {isa = PBXFileReference; lastKnownFileType = image.png; path = ToolbarUp.png; sourceTree = "<group>"; };
		6F2C76AD1114E65A002665DA /* CommitHeadBackground.png */ = {isa = PBXFileReference; lastKnownFileType = image.png; name = CommitHeadBackground.png; path = Images/CommitHeadBackground.png; sourceTree = "<group>"; };
		6F2C76E81114EDEF002665DA /* file_added.png */ = {isa = PBXFileReference; lastKnownFileType = image.png; name = file_added.png; path = Images/Icons/file_added.png; sourceTree = "<group>"; };
		6F2C76E91114EDEF002665DA /* file_modified.png */ = {isa = PBXFileReference; lastKnownFileType = image.png; name = file_modified.png; path = Images/Icons/file_modified.png; sourceTree = "<group>"; };
		6F2C76EA1114EDEF002665DA /* file_removed.png */ = {isa = PBXFileReference; lastKnownFileType = image.png; name = file_removed.png; path = Images/Icons/file_removed.png; sourceTree = "<group>"; };
		6F2C76EB1114EDEF002665DA /* file_renamed.png */ = {isa = PBXFileReference; lastKnownFileType = image.png; name = file_renamed.png; path = Images/Icons/file_renamed.png; sourceTree = "<group>"; };
		6F2D9A870FB1887300FFABE9 /* SearchController.h */ = {isa = PBXFileReference; fileEncoding = 4; lastKnownFileType = sourcecode.c.h; path = SearchController.h; sourceTree = "<group>"; };
		6F2D9A880FB1887300FFABE9 /* SearchController.m */ = {isa = PBXFileReference; fileEncoding = 4; lastKnownFileType = sourcecode.c.objc; path = SearchController.m; sourceTree = "<group>"; };
		6F2D9B4F0FB19AF800FFABE9 /* OverlayController.h */ = {isa = PBXFileReference; fileEncoding = 4; lastKnownFileType = sourcecode.c.h; path = OverlayController.h; sourceTree = "<group>"; };
		6F2D9B500FB19AF800FFABE9 /* OverlayController.m */ = {isa = PBXFileReference; fileEncoding = 4; lastKnownFileType = sourcecode.c.objc; path = OverlayController.m; sourceTree = "<group>"; };
		6F316D8B111AD2E400FC4FE9 /* TabBarRepositories.png */ = {isa = PBXFileReference; lastKnownFileType = image.png; path = TabBarRepositories.png; sourceTree = "<group>"; };
		6F316D93111AD7D700FC4FE9 /* ToolbarUsers.png */ = {isa = PBXFileReference; lastKnownFileType = image.png; path = ToolbarUsers.png; sourceTree = "<group>"; };
		6F316D95111AD87700FC4FE9 /* ToolbarCompass.png */ = {isa = PBXFileReference; lastKnownFileType = image.png; path = ToolbarCompass.png; sourceTree = "<group>"; };
		6F316D97111ADA4F00FC4FE9 /* ToolbarUnwatch.png */ = {isa = PBXFileReference; lastKnownFileType = image.png; path = ToolbarUnwatch.png; sourceTree = "<group>"; };
		6F316D98111ADA4F00FC4FE9 /* ToolbarWatch.png */ = {isa = PBXFileReference; lastKnownFileType = image.png; path = ToolbarWatch.png; sourceTree = "<group>"; };
		6F316D9B111ADBA300FC4FE9 /* ToolbarFavorite.png */ = {isa = PBXFileReference; lastKnownFileType = image.png; path = ToolbarFavorite.png; sourceTree = "<group>"; };
		6F316D9C111ADBA300FC4FE9 /* ToolbarRepository.png */ = {isa = PBXFileReference; lastKnownFileType = image.png; path = ToolbarRepository.png; sourceTree = "<group>"; };
		6F316DA2111ADF2600FC4FE9 /* TabBarInbox.png */ = {isa = PBXFileReference; lastKnownFileType = image.png; path = TabBarInbox.png; sourceTree = "<group>"; };
		6F358BF90FB1EA6F004D2828 /* DefaultGravatar.png */ = {isa = PBXFileReference; lastKnownFileType = image.png; name = DefaultGravatar.png; path = Images/DefaultGravatar.png; sourceTree = "<group>"; };
		6F358C050FB1EAE0004D2828 /* Overlay.xib */ = {isa = PBXFileReference; lastKnownFileType = file.xib; name = Overlay.xib; path = IBFiles/Overlay.xib; sourceTree = "<group>"; };
		6F358C060FB1EAE0004D2828 /* Search.xib */ = {isa = PBXFileReference; lastKnownFileType = file.xib; name = Search.xib; path = IBFiles/Search.xib; sourceTree = "<group>"; };
		6F358C5A0FB1EEC4004D2828 /* GHSearch.h */ = {isa = PBXFileReference; fileEncoding = 4; lastKnownFileType = sourcecode.c.h; path = GHSearch.h; sourceTree = "<group>"; };
		6F358C5B0FB1EEC4004D2828 /* GHSearch.m */ = {isa = PBXFileReference; fileEncoding = 4; lastKnownFileType = sourcecode.c.objc; path = GHSearch.m; sourceTree = "<group>"; };
		6F35BD370F88B01900E978CD /* GHUser.h */ = {isa = PBXFileReference; fileEncoding = 4; lastKnownFileType = sourcecode.c.h; path = GHUser.h; sourceTree = "<group>"; };
		6F35BD380F88B01900E978CD /* GHUser.m */ = {isa = PBXFileReference; fileEncoding = 4; lastKnownFileType = sourcecode.c.objc; path = GHUser.m; sourceTree = "<group>"; };
		6F5653020F99CB52001B6703 /* issue.png */ = {isa = PBXFileReference; lastKnownFileType = image.png; name = issue.png; path = Images/Icons/issue.png; sourceTree = "<group>"; };
		6F5653040F99CB62001B6703 /* private.png */ = {isa = PBXFileReference; lastKnownFileType = image.png; name = private.png; path = Images/Icons/private.png; sourceTree = "<group>"; };
		6F5653050F99CB62001B6703 /* public.png */ = {isa = PBXFileReference; lastKnownFileType = image.png; name = public.png; path = Images/Icons/public.png; sourceTree = "<group>"; };
		6F5653140F99DD75001B6703 /* FeedEntryCellBackground.png */ = {isa = PBXFileReference; lastKnownFileType = image.png; name = FeedEntryCellBackground.png; path = Images/FeedEntryCellBackground.png; sourceTree = "<group>"; };
		6F593A031116179D004B70FB /* format.html */ = {isa = PBXFileReference; fileEncoding = 4; lastKnownFileType = text.html; path = format.html; sourceTree = "<group>"; };
		6F59BC930FC6C51800412597 /* Settings.xib */ = {isa = PBXFileReference; lastKnownFileType = file.xib; name = Settings.xib; path = IBFiles/Settings.xib; sourceTree = "<group>"; };
		6F5A40860F90B25F00427ED7 /* User.xib */ = {isa = PBXFileReference; lastKnownFileType = file.xib; name = User.xib; path = IBFiles/User.xib; sourceTree = "<group>"; };
		6F5A41780F90C42800427ED7 /* Repository.xib */ = {isa = PBXFileReference; lastKnownFileType = file.xib; name = Repository.xib; path = IBFiles/Repository.xib; sourceTree = "<group>"; };
		6F5A420C0F90CE0500427ED7 /* TextCell.h */ = {isa = PBXFileReference; fileEncoding = 4; lastKnownFileType = sourcecode.c.h; path = TextCell.h; sourceTree = "<group>"; };
		6F5A420D0F90CE0500427ED7 /* TextCell.m */ = {isa = PBXFileReference; fileEncoding = 4; lastKnownFileType = sourcecode.c.objc; path = TextCell.m; sourceTree = "<group>"; };
		6F5A427C0F90D66D00427ED7 /* RepositoryTableHeadBackground.png */ = {isa = PBXFileReference; lastKnownFileType = image.png; name = RepositoryTableHeadBackground.png; path = Images/RepositoryTableHeadBackground.png; sourceTree = "<group>"; };
		6F5E9A981119A96000752560 /* CDataScanner_Extensions.h */ = {isa = PBXFileReference; fileEncoding = 4; lastKnownFileType = sourcecode.c.h; path = CDataScanner_Extensions.h; sourceTree = "<group>"; };
		6F5E9A991119A96000752560 /* CDataScanner_Extensions.m */ = {isa = PBXFileReference; fileEncoding = 4; lastKnownFileType = sourcecode.c.objc; path = CDataScanner_Extensions.m; sourceTree = "<group>"; };
		6F5E9A9A1119A96000752560 /* NSCharacterSet_Extensions.h */ = {isa = PBXFileReference; fileEncoding = 4; lastKnownFileType = sourcecode.c.h; path = NSCharacterSet_Extensions.h; sourceTree = "<group>"; };
		6F5E9A9B1119A96000752560 /* NSCharacterSet_Extensions.m */ = {isa = PBXFileReference; fileEncoding = 4; lastKnownFileType = sourcecode.c.objc; path = NSCharacterSet_Extensions.m; sourceTree = "<group>"; };
		6F5E9A9C1119A96000752560 /* NSDate+Nibware.h */ = {isa = PBXFileReference; fileEncoding = 4; lastKnownFileType = sourcecode.c.h; path = "NSDate+Nibware.h"; sourceTree = "<group>"; };
		6F5E9A9D1119A96000752560 /* NSDate+Nibware.m */ = {isa = PBXFileReference; fileEncoding = 4; lastKnownFileType = sourcecode.c.objc; path = "NSDate+Nibware.m"; sourceTree = "<group>"; };
		6F5E9A9E1119A96000752560 /* NSDictionary_JSONExtensions.h */ = {isa = PBXFileReference; fileEncoding = 4; lastKnownFileType = sourcecode.c.h; path = NSDictionary_JSONExtensions.h; sourceTree = "<group>"; };
		6F5E9A9F1119A96000752560 /* NSDictionary_JSONExtensions.m */ = {isa = PBXFileReference; fileEncoding = 4; lastKnownFileType = sourcecode.c.objc; path = NSDictionary_JSONExtensions.m; sourceTree = "<group>"; };
		6F5E9AA01119A96000752560 /* NSScanner_Extensions.h */ = {isa = PBXFileReference; fileEncoding = 4; lastKnownFileType = sourcecode.c.h; path = NSScanner_Extensions.h; sourceTree = "<group>"; };
		6F5E9AA11119A96000752560 /* NSScanner_Extensions.m */ = {isa = PBXFileReference; fileEncoding = 4; lastKnownFileType = sourcecode.c.objc; path = NSScanner_Extensions.m; sourceTree = "<group>"; };
		6F5E9AAC1119A96000752560 /* CDataScanner.h */ = {isa = PBXFileReference; fileEncoding = 4; lastKnownFileType = sourcecode.c.h; path = CDataScanner.h; sourceTree = "<group>"; };
		6F5E9AAD1119A96000752560 /* CDataScanner.m */ = {isa = PBXFileReference; fileEncoding = 4; lastKnownFileType = sourcecode.c.objc; path = CDataScanner.m; sourceTree = "<group>"; };
		6F5E9AAE1119A96000752560 /* EGORefreshTableHeaderView.h */ = {isa = PBXFileReference; fileEncoding = 4; lastKnownFileType = sourcecode.c.h; path = EGORefreshTableHeaderView.h; sourceTree = "<group>"; };
		6F5E9AAF1119A96000752560 /* EGORefreshTableHeaderView.m */ = {isa = PBXFileReference; fileEncoding = 4; lastKnownFileType = sourcecode.c.objc; path = EGORefreshTableHeaderView.m; sourceTree = "<group>"; };
		6F5E9AB11119A96000752560 /* CJSONDeserializer.h */ = {isa = PBXFileReference; fileEncoding = 4; lastKnownFileType = sourcecode.c.h; path = CJSONDeserializer.h; sourceTree = "<group>"; };
		6F5E9AB21119A96000752560 /* CJSONDeserializer.m */ = {isa = PBXFileReference; fileEncoding = 4; lastKnownFileType = sourcecode.c.objc; path = CJSONDeserializer.m; sourceTree = "<group>"; };
		6F5E9AB31119A96000752560 /* CJSONScanner.h */ = {isa = PBXFileReference; fileEncoding = 4; lastKnownFileType = sourcecode.c.h; path = CJSONScanner.h; sourceTree = "<group>"; };
		6F5E9AB41119A96000752560 /* CJSONScanner.m */ = {isa = PBXFileReference; fileEncoding = 4; lastKnownFileType = sourcecode.c.objc; path = CJSONScanner.m; sourceTree = "<group>"; };
		6F5E9AB51119A96000752560 /* CJSONSerializer.h */ = {isa = PBXFileReference; fileEncoding = 4; lastKnownFileType = sourcecode.c.h; path = CJSONSerializer.h; sourceTree = "<group>"; };
		6F5E9AB61119A96000752560 /* CJSONSerializer.m */ = {isa = PBXFileReference; fileEncoding = 4; lastKnownFileType = sourcecode.c.objc; path = CJSONSerializer.m; sourceTree = "<group>"; };
		6F5E9AB71119A96000752560 /* PullToRefreshTableViewController.h */ = {isa = PBXFileReference; fileEncoding = 4; lastKnownFileType = sourcecode.c.h; path = PullToRefreshTableViewController.h; sourceTree = "<group>"; };
		6F5E9AB81119A96000752560 /* PullToRefreshTableViewController.m */ = {isa = PBXFileReference; fileEncoding = 4; lastKnownFileType = sourcecode.c.objc; path = PullToRefreshTableViewController.m; sourceTree = "<group>"; };
		6F5E9AFB1119AACC00752560 /* QuartzCore.framework */ = {isa = PBXFileReference; lastKnownFileType = wrapper.framework; name = QuartzCore.framework; path = System/Library/Frameworks/QuartzCore.framework; sourceTree = SDKROOT; };
		6F5E9B011119AB1900752560 /* AudioToolbox.framework */ = {isa = PBXFileReference; lastKnownFileType = wrapper.framework; name = AudioToolbox.framework; path = System/Library/Frameworks/AudioToolbox.framework; sourceTree = SDKROOT; };
		6F5E9B621119AD2100752560 /* CoreGraphics.framework */ = {isa = PBXFileReference; lastKnownFileType = wrapper.framework; name = CoreGraphics.framework; path = System/Library/Frameworks/CoreGraphics.framework; sourceTree = SDKROOT; };
		6F5E9BC51119B6C000752560 /* RefreshArrow.png */ = {isa = PBXFileReference; lastKnownFileType = image.png; name = RefreshArrow.png; path = Images/RefreshArrow.png; sourceTree = "<group>"; };
		6F5E9C751119D43E00752560 /* TabBarFeeds.png */ = {isa = PBXFileReference; lastKnownFileType = image.png; path = TabBarFeeds.png; sourceTree = "<group>"; };
		6F5E9C761119D43E00752560 /* TabBarNetwork.png */ = {isa = PBXFileReference; lastKnownFileType = image.png; path = TabBarNetwork.png; sourceTree = "<group>"; };
		6F5E9C7C1119D4AF00752560 /* ToolbarIssue.png */ = {isa = PBXFileReference; lastKnownFileType = image.png; path = ToolbarIssue.png; sourceTree = "<group>"; };
		6F5E9C7D1119D4AF00752560 /* ToolbarUser.png */ = {isa = PBXFileReference; lastKnownFileType = image.png; path = ToolbarUser.png; sourceTree = "<group>"; };
		6F6F175111E316B3008B319F /* Reachability.h */ = {isa = PBXFileReference; fileEncoding = 4; lastKnownFileType = sourcecode.c.h; path = Reachability.h; sourceTree = "<group>"; };
		6F6F175211E316B3008B319F /* Reachability.m */ = {isa = PBXFileReference; fileEncoding = 4; lastKnownFileType = sourcecode.c.objc; path = Reachability.m; sourceTree = "<group>"; };
		6F6F175511E316C5008B319F /* ASIAuthenticationDialog.h */ = {isa = PBXFileReference; fileEncoding = 4; lastKnownFileType = sourcecode.c.h; path = ASIAuthenticationDialog.h; sourceTree = "<group>"; };
		6F6F175611E316C5008B319F /* ASIAuthenticationDialog.m */ = {isa = PBXFileReference; fileEncoding = 4; lastKnownFileType = sourcecode.c.objc; path = ASIAuthenticationDialog.m; sourceTree = "<group>"; };
		6F6F175711E316C5008B319F /* ASICacheDelegate.h */ = {isa = PBXFileReference; fileEncoding = 4; lastKnownFileType = sourcecode.c.h; path = ASICacheDelegate.h; sourceTree = "<group>"; };
		6F6F175811E316C5008B319F /* ASIDownloadCache.h */ = {isa = PBXFileReference; fileEncoding = 4; lastKnownFileType = sourcecode.c.h; path = ASIDownloadCache.h; sourceTree = "<group>"; };
		6F6F175911E316C5008B319F /* ASIDownloadCache.m */ = {isa = PBXFileReference; fileEncoding = 4; lastKnownFileType = sourcecode.c.objc; path = ASIDownloadCache.m; sourceTree = "<group>"; };
		6F6F175A11E316C5008B319F /* ASIFormDataRequest.h */ = {isa = PBXFileReference; fileEncoding = 4; lastKnownFileType = sourcecode.c.h; path = ASIFormDataRequest.h; sourceTree = "<group>"; };
		6F6F175B11E316C5008B319F /* ASIFormDataRequest.m */ = {isa = PBXFileReference; fileEncoding = 4; lastKnownFileType = sourcecode.c.objc; path = ASIFormDataRequest.m; sourceTree = "<group>"; };
		6F6F175C11E316C5008B319F /* ASIHTTPRequest.h */ = {isa = PBXFileReference; fileEncoding = 4; lastKnownFileType = sourcecode.c.h; path = ASIHTTPRequest.h; sourceTree = "<group>"; };
		6F6F175D11E316C5008B319F /* ASIHTTPRequest.m */ = {isa = PBXFileReference; fileEncoding = 4; lastKnownFileType = sourcecode.c.objc; path = ASIHTTPRequest.m; sourceTree = "<group>"; };
		6F6F175E11E316C5008B319F /* ASIHTTPRequestConfig.h */ = {isa = PBXFileReference; fileEncoding = 4; lastKnownFileType = sourcecode.c.h; path = ASIHTTPRequestConfig.h; sourceTree = "<group>"; };
		6F6F175F11E316C5008B319F /* ASIHTTPRequestDelegate.h */ = {isa = PBXFileReference; fileEncoding = 4; lastKnownFileType = sourcecode.c.h; path = ASIHTTPRequestDelegate.h; sourceTree = "<group>"; };
		6F6F176011E316C5008B319F /* ASIInputStream.h */ = {isa = PBXFileReference; fileEncoding = 4; lastKnownFileType = sourcecode.c.h; path = ASIInputStream.h; sourceTree = "<group>"; };
		6F6F176111E316C5008B319F /* ASIInputStream.m */ = {isa = PBXFileReference; fileEncoding = 4; lastKnownFileType = sourcecode.c.objc; path = ASIInputStream.m; sourceTree = "<group>"; };
		6F6F176211E316C5008B319F /* ASINetworkQueue.h */ = {isa = PBXFileReference; fileEncoding = 4; lastKnownFileType = sourcecode.c.h; path = ASINetworkQueue.h; sourceTree = "<group>"; };
		6F6F176311E316C5008B319F /* ASINetworkQueue.m */ = {isa = PBXFileReference; fileEncoding = 4; lastKnownFileType = sourcecode.c.objc; path = ASINetworkQueue.m; sourceTree = "<group>"; };
		6F6F176411E316C5008B319F /* ASIProgressDelegate.h */ = {isa = PBXFileReference; fileEncoding = 4; lastKnownFileType = sourcecode.c.h; path = ASIProgressDelegate.h; sourceTree = "<group>"; };
		6F6F176F11E316F3008B319F /* SystemConfiguration.framework */ = {isa = PBXFileReference; lastKnownFileType = wrapper.framework; name = SystemConfiguration.framework; path = System/Library/Frameworks/SystemConfiguration.framework; sourceTree = SDKROOT; };
		6F6F177311E316FE008B319F /* MobileCoreServices.framework */ = {isa = PBXFileReference; lastKnownFileType = wrapper.framework; name = MobileCoreServices.framework; path = System/Library/Frameworks/MobileCoreServices.framework; sourceTree = SDKROOT; };
		6F72FB200F9B51FE0069F092 /* FeedEntryDetailsHeadBackground.png */ = {isa = PBXFileReference; lastKnownFileType = image.png; name = FeedEntryDetailsHeadBackground.png; path = Images/FeedEntryDetailsHeadBackground.png; sourceTree = "<group>"; };
		6F72FB2E0F9B53810069F092 /* FeedEntryCell.m */ = {isa = PBXFileReference; fileEncoding = 4; lastKnownFileType = sourcecode.c.objc; path = FeedEntryCell.m; sourceTree = "<group>"; };
		6F74DD880FA76CCA00FD90AB /* FeedEntryCell.xib */ = {isa = PBXFileReference; lastKnownFileType = file.xib; name = FeedEntryCell.xib; path = IBFiles/FeedEntryCell.xib; sourceTree = "<group>"; };
		6F74DD8A0FA76CE000FD90AB /* MIT-LICENSE */ = {isa = PBXFileReference; fileEncoding = 4; lastKnownFileType = text; path = "MIT-LICENSE"; sourceTree = "<group>"; };
		6F74DD8B0FA76CE000FD90AB /* README.textile */ = {isa = PBXFileReference; fileEncoding = 4; lastKnownFileType = text; path = README.textile; sourceTree = "<group>"; };
		6F879A1B0FB60CB500EBD9BD /* group.png */ = {isa = PBXFileReference; lastKnownFileType = image.png; name = group.png; path = Images/Icons/group.png; sourceTree = "<group>"; };
		6F879A1C0FB60CB500EBD9BD /* user.png */ = {isa = PBXFileReference; lastKnownFileType = image.png; name = user.png; path = Images/Icons/user.png; sourceTree = "<group>"; };
		6F879A5A0FB611FD00EBD9BD /* UserCell.xib */ = {isa = PBXFileReference; lastKnownFileType = file.xib; name = UserCell.xib; path = IBFiles/UserCell.xib; sourceTree = "<group>"; };
		6F879A5B0FB611FD00EBD9BD /* Users.xib */ = {isa = PBXFileReference; lastKnownFileType = file.xib; name = Users.xib; path = IBFiles/Users.xib; sourceTree = "<group>"; };
		6F879AB00FB6184500EBD9BD /* UserCellBackground.png */ = {isa = PBXFileReference; lastKnownFileType = image.png; name = UserCellBackground.png; path = Images/UserCellBackground.png; sourceTree = "<group>"; };
		6F879AE60FB61C7A00EBD9BD /* GHUsers.h */ = {isa = PBXFileReference; fileEncoding = 4; lastKnownFileType = sourcecode.c.h; path = GHUsers.h; sourceTree = "<group>"; };
		6F879AE70FB61C7A00EBD9BD /* GHUsers.m */ = {isa = PBXFileReference; fileEncoding = 4; lastKnownFileType = sourcecode.c.objc; path = GHUsers.m; sourceTree = "<group>"; };
		6F8E7DF3123C0E8B007E93E6 /* pull_request.png */ = {isa = PBXFileReference; lastKnownFileType = image.png; name = pull_request.png; path = Images/Icons/pull_request.png; sourceTree = "<group>"; };
		6FA92AFC0FACD51A001B1D1D /* FeedEntry.xib */ = {isa = PBXFileReference; lastKnownFileType = file.xib; name = FeedEntry.xib; path = IBFiles/FeedEntry.xib; sourceTree = "<group>"; };
		6FA92B1A0FACD648001B1D1D /* issues_closed.png */ = {isa = PBXFileReference; lastKnownFileType = image.png; name = issues_closed.png; path = Images/Icons/issues_closed.png; sourceTree = "<group>"; };
		6FA92B1B0FACD648001B1D1D /* issues_open.png */ = {isa = PBXFileReference; lastKnownFileType = image.png; name = issues_open.png; path = Images/Icons/issues_open.png; sourceTree = "<group>"; };
		6FA92B300FACD6EA001B1D1D /* MyFeeds.xib */ = {isa = PBXFileReference; lastKnownFileType = file.xib; name = MyFeeds.xib; path = IBFiles/MyFeeds.xib; sourceTree = "<group>"; };
		6FB7FEA90F7E2C8700E8D702 /* MainWindow.xib */ = {isa = PBXFileReference; lastKnownFileType = file.xib; name = MainWindow.xib; path = IBFiles/MainWindow.xib; sourceTree = "<group>"; };
		6FC0D3E911580DAF00511B7F /* ToolbarCommit.png */ = {isa = PBXFileReference; lastKnownFileType = image.png; path = ToolbarCommit.png; sourceTree = "<group>"; };
		6FC95F1D0F8905F500FC0968 /* UserController.h */ = {isa = PBXFileReference; fileEncoding = 4; lastKnownFileType = sourcecode.c.h; path = UserController.h; sourceTree = "<group>"; };
		6FC95F1E0F8905F500FC0968 /* UserController.m */ = {isa = PBXFileReference; fileEncoding = 4; lastKnownFileType = sourcecode.c.objc; path = UserController.m; sourceTree = "<group>"; };
		6FC95F270F8908ED00FC0968 /* UserTableHeadBackground.png */ = {isa = PBXFileReference; lastKnownFileType = image.png; name = UserTableHeadBackground.png; path = Images/UserTableHeadBackground.png; sourceTree = "<group>"; };
		6FC9610A0F8935DC00FC0968 /* LabeledCell.h */ = {isa = PBXFileReference; fileEncoding = 4; lastKnownFileType = sourcecode.c.h; path = LabeledCell.h; sourceTree = "<group>"; };
		6FC9610B0F8935DC00FC0968 /* LabeledCell.m */ = {isa = PBXFileReference; fileEncoding = 4; lastKnownFileType = sourcecode.c.objc; path = LabeledCell.m; sourceTree = "<group>"; };
		6FCAF1640F895756005E1173 /* GravatarLoader.h */ = {isa = PBXFileReference; fileEncoding = 4; lastKnownFileType = sourcecode.c.h; path = GravatarLoader.h; sourceTree = "<group>"; };
		6FCAF1650F895756005E1173 /* GravatarLoader.m */ = {isa = PBXFileReference; fileEncoding = 4; lastKnownFileType = sourcecode.c.objc; path = GravatarLoader.m; sourceTree = "<group>"; };
		6FCDC63F0FC04D330024E498 /* feed.png */ = {isa = PBXFileReference; lastKnownFileType = image.png; name = feed.png; path = Images/Icons/feed.png; sourceTree = "<group>"; };
		6FCDC66B0FC04F180024E498 /* Feed.xib */ = {isa = PBXFileReference; lastKnownFileType = file.xib; name = Feed.xib; path = IBFiles/Feed.xib; sourceTree = "<group>"; };
		6FCE4D240F7FD48700451D6E /* commit.png */ = {isa = PBXFileReference; lastKnownFileType = image.png; name = commit.png; path = Images/Icons/commit.png; sourceTree = "<group>"; };
		6FCE4D250F7FD48700451D6E /* delete.png */ = {isa = PBXFileReference; lastKnownFileType = image.png; name = delete.png; path = Images/Icons/delete.png; sourceTree = "<group>"; };
		6FCE4D260F7FD48700451D6E /* follow.png */ = {isa = PBXFileReference; lastKnownFileType = image.png; name = follow.png; path = Images/Icons/follow.png; sourceTree = "<group>"; };
		6FCE4D270F7FD48700451D6E /* gist.png */ = {isa = PBXFileReference; lastKnownFileType = image.png; name = gist.png; path = Images/Icons/gist.png; sourceTree = "<group>"; };
		6FCE4DB60F7FE5C600451D6E /* member.png */ = {isa = PBXFileReference; lastKnownFileType = image.png; name = member.png; path = Images/Icons/member.png; sourceTree = "<group>"; };
		6FD61A060FA7AB26008C751B /* FollowButton.png */ = {isa = PBXFileReference; lastKnownFileType = image.png; name = FollowButton.png; path = Images/Buttons/FollowButton.png; sourceTree = "<group>"; };
		6FD61A070FA7AB26008C751B /* UnfollowButton.png */ = {isa = PBXFileReference; lastKnownFileType = image.png; name = UnfollowButton.png; path = Images/Buttons/UnfollowButton.png; sourceTree = "<group>"; };
		6FD61A080FA7AB26008C751B /* UnwatchButton.png */ = {isa = PBXFileReference; lastKnownFileType = image.png; name = UnwatchButton.png; path = Images/Buttons/UnwatchButton.png; sourceTree = "<group>"; };
		6FD61A090FA7AB26008C751B /* WatchButton.png */ = {isa = PBXFileReference; lastKnownFileType = image.png; name = WatchButton.png; path = Images/Buttons/WatchButton.png; sourceTree = "<group>"; };
		6FE7D3581156AE16004B4D68 /* NSString+Extensions.h */ = {isa = PBXFileReference; fileEncoding = 4; lastKnownFileType = sourcecode.c.h; path = "NSString+Extensions.h"; sourceTree = "<group>"; };
		6FE7D3591156AE16004B4D68 /* NSString+Extensions.m */ = {isa = PBXFileReference; fileEncoding = 4; lastKnownFileType = sourcecode.c.objc; path = "NSString+Extensions.m"; sourceTree = "<group>"; };
		6FE91E180FAD088600749370 /* Login.xib */ = {isa = PBXFileReference; lastKnownFileType = file.xib; name = Login.xib; path = IBFiles/Login.xib; sourceTree = "<group>"; };
		6FE91E460FAD115300749370 /* LoginBackground.png */ = {isa = PBXFileReference; lastKnownFileType = image.png; name = LoginBackground.png; path = Images/LoginBackground.png; sourceTree = "<group>"; };
		6FE91E4A0FAD13D500749370 /* LoginController.h */ = {isa = PBXFileReference; fileEncoding = 4; lastKnownFileType = sourcecode.c.h; path = LoginController.h; sourceTree = "<group>"; };
		6FE91E4B0FAD13D500749370 /* LoginController.m */ = {isa = PBXFileReference; fileEncoding = 4; lastKnownFileType = sourcecode.c.objc; path = LoginController.m; sourceTree = "<group>"; };
		6FE931D40FC72444008545A2 /* Archiver.h */ = {isa = PBXFileReference; fileEncoding = 4; lastKnownFileType = sourcecode.c.h; path = Archiver.h; sourceTree = "<group>"; };
		6FE931D50FC72444008545A2 /* Archiver.m */ = {isa = PBXFileReference; fileEncoding = 4; lastKnownFileType = sourcecode.c.objc; path = Archiver.m; sourceTree = "<group>"; };
		6FED82FF0FACB91000BE5C81 /* FeedController.h */ = {isa = PBXFileReference; fileEncoding = 4; lastKnownFileType = sourcecode.c.h; path = FeedController.h; sourceTree = "<group>"; };
		6FED83000FACB91000BE5C81 /* FeedController.m */ = {isa = PBXFileReference; fileEncoding = 4; lastKnownFileType = sourcecode.c.objc; path = FeedController.m; sourceTree = "<group>"; };
		6FF651970F8A9DA200C20E2D /* Entitlements.plist */ = {isa = PBXFileReference; fileEncoding = 4; lastKnownFileType = text.plist.xml; path = Entitlements.plist; sourceTree = "<group>"; };
		8C53B4CE0FB0F20B00C3A8E0 /* UsersController.h */ = {isa = PBXFileReference; fileEncoding = 4; lastKnownFileType = sourcecode.c.h; path = UsersController.h; sourceTree = "<group>"; };
		8C53B4CF0FB0F20B00C3A8E0 /* UsersController.m */ = {isa = PBXFileReference; fileEncoding = 4; lastKnownFileType = sourcecode.c.objc; path = UsersController.m; sourceTree = "<group>"; };
		8C53B4D50FB0F32600C3A8E0 /* UserCell.h */ = {isa = PBXFileReference; fileEncoding = 4; lastKnownFileType = sourcecode.c.h; path = UserCell.h; sourceTree = "<group>"; };
		8C53B4D60FB0F32600C3A8E0 /* UserCell.m */ = {isa = PBXFileReference; fileEncoding = 4; lastKnownFileType = sourcecode.c.objc; path = UserCell.m; sourceTree = "<group>"; };
		8CFBCFB20FAB8A6300A2C37A /* CFNetwork.framework */ = {isa = PBXFileReference; lastKnownFileType = wrapper.framework; name = CFNetwork.framework; path = System/Library/Frameworks/CFNetwork.framework; sourceTree = SDKROOT; };
		8CFBCFB60FAB8A6D00A2C37A /* libz.1.2.3.dylib */ = {isa = PBXFileReference; lastKnownFileType = "compiled.mach-o.dylib"; name = libz.1.2.3.dylib; path = usr/lib/libz.1.2.3.dylib; sourceTree = SDKROOT; };
		8D1107310486CEB800E47090 /* Info.plist */ = {isa = PBXFileReference; fileEncoding = 4; lastKnownFileType = text.plist.xml; path = Info.plist; sourceTree = "<group>"; };
/* End PBXFileReference section */

/* Begin PBXFrameworksBuildPhase section */
		1D60588F0D05DD3D006BFB54 /* Frameworks */ = {
			isa = PBXFrameworksBuildPhase;
			buildActionMask = 2147483647;
			files = (
				1D60589F0D05DD5A006BFB54 /* Foundation.framework in Frameworks */,
				1DF5F4E00D08C38300B7A737 /* UIKit.framework in Frameworks */,
				8CFBCFB30FAB8A6300A2C37A /* CFNetwork.framework in Frameworks */,
				8CFBCFB70FAB8A6D00A2C37A /* libz.1.2.3.dylib in Frameworks */,
				6F5E9B631119AD2100752560 /* CoreGraphics.framework in Frameworks */,
				6F5E9B6E1119AD5B00752560 /* QuartzCore.framework in Frameworks */,
				6F5E9B6F1119AD5E00752560 /* AudioToolbox.framework in Frameworks */,
				6F6F177011E316F3008B319F /* SystemConfiguration.framework in Frameworks */,
				6F6F177411E316FE008B319F /* MobileCoreServices.framework in Frameworks */,
			);
			runOnlyForDeploymentPostprocessing = 0;
		};
/* End PBXFrameworksBuildPhase section */

/* Begin PBXGroup section */
		080E96DDFE201D6D7F000001 /* Classes */ = {
			isa = PBXGroup;
			children = (
				6F5E9A971119A96000752560 /* Extensions */,
				6F5E9AA21119A96000752560 /* External */,
				6FE931D30FC7242A008545A2 /* Utils */,
				6F1DC4410F7E5A7E00FCD26D /* Domain */,
				6F1DC4A30F7E5D2200FCD26D /* Controller */,
				6F1DC52B0F7E725500FCD26D /* View */,
				229D8C4D14214865009D6A85 /* GHGravatar.h */,
				229D8C4E14214865009D6A85 /* GHGravatar.m */,
			);
			path = Classes;
			sourceTree = "<group>";
		};
		19C28FACFE9D520D11CA2CBB /* Products */ = {
			isa = PBXGroup;
			children = (
				1D6058910D05DD3D006BFB54 /* iOctocat.app */,
			);
			name = Products;
			sourceTree = "<group>";
		};
		22A3AD1D14219AC2005EE1C3 /* AudioStreamer */ = {
			isa = PBXGroup;
			children = (
				22A3AD1614219ABE005EE1C3 /* AudioStreamer.h */,
				22A3AD1714219ABE005EE1C3 /* AudioStreamer.m */,
				22A3AD1814219ABE005EE1C3 /* UIDevice+Hardware.h */,
				22A3AD1914219ABE005EE1C3 /* UIDevice+Hardware.m */,
			);
			name = AudioStreamer;
			sourceTree = "<group>";
		};
		22FB822C142304A000D63F73 /* parser */ = {
			isa = PBXGroup;
			children = (
				22FB822D142304B300D63F73 /* GHFeedParserDelegate.h */,
				22FB822E142304B300D63F73 /* GHFeedParserDelegate.m */,
				22FB822F142304B300D63F73 /* GHResourcesParserDelegate.h */,
				22FB8230142304B300D63F73 /* GHResourcesParserDelegate.m */,
			);
			name = parser;
			sourceTree = "<group>";
		};
		29B97314FDCFA39411CA2CEA /* CustomTemplate */ = {
			isa = PBXGroup;
			children = (
				080E96DDFE201D6D7F000001 /* Classes */,
				29B97317FDCFA39411CA2CEA /* Resources */,
				29B97315FDCFA39411CA2CEA /* Other Sources */,
				29B97323FDCFA39411CA2CEA /* Frameworks */,
				19C28FACFE9D520D11CA2CBB /* Products */,
				6F1DC39A0F7E52F000FCD26D /* Settings.bundle */,
			);
			comments = "Open Source iPhone app for the awesome GitHub.com";
			name = CustomTemplate;
			sourceTree = "<group>";
		};
		29B97315FDCFA39411CA2CEA /* Other Sources */ = {
			isa = PBXGroup;
			children = (
				6F0BEB4F11108FEC00E95E5A /* SynthesizeSingleton.h */,
				28A0AAE50D9B0CCF005BE974 /* iOctocat_Prefix.pch */,
				6F1DC3FC0F7E569F00FCD26D /* AppConstants.h */,
				29B97316FDCFA39411CA2CEA /* main.m */,
			);
			name = "Other Sources";
			sourceTree = "<group>";
		};
		29B97317FDCFA39411CA2CEA /* Resources */ = {
			isa = PBXGroup;
			children = (
				6FB7FEA60F7E2C7500E8D702 /* IBFiles */,
				6FB7FE9F0F7E2C3800E8D702 /* Images */,
				8D1107310486CEB800E47090 /* Info.plist */,
				6FF651970F8A9DA200C20E2D /* Entitlements.plist */,
				6F74DD8A0FA76CE000FD90AB /* MIT-LICENSE */,
				6F74DD8B0FA76CE000FD90AB /* README.textile */,
				6F593A031116179D004B70FB /* format.html */,
			);
			name = Resources;
			sourceTree = "<group>";
		};
		29B97323FDCFA39411CA2CEA /* Frameworks */ = {
			isa = PBXGroup;
			children = (
				22CE69BF12B7D0E900C92FC8 /* CFNetwork.framework */,
				6F6F176F11E316F3008B319F /* SystemConfiguration.framework */,
				6F6F177311E316FE008B319F /* MobileCoreServices.framework */,
				8CFBCFB20FAB8A6300A2C37A /* CFNetwork.framework */,
				8CFBCFB60FAB8A6D00A2C37A /* libz.1.2.3.dylib */,
				1DF5F4DF0D08C38300B7A737 /* UIKit.framework */,
				1D30AB110D05D00D00671497 /* Foundation.framework */,
				6F5E9AFB1119AACC00752560 /* QuartzCore.framework */,
				6F5E9B011119AB1900752560 /* AudioToolbox.framework */,
				6F5E9B621119AD2100752560 /* CoreGraphics.framework */,
			);
			name = Frameworks;
			sourceTree = "<group>";
		};
		6F1DC4410F7E5A7E00FCD26D /* Domain */ = {
			isa = PBXGroup;
			children = (
				22D28C9F142306EB0044E18D /* GHTrack.m */,
				22D28CA0142306EB0044E18D /* GHTrack.h */,
				22FB822C142304A000D63F73 /* parser */,
				22FB82291423049000D63F73 /* GHFeedEntry.h */,
				22FB822A1423049100D63F73 /* GHFeedEntry.m */,
				6F14B6480FA5F37500F74B4C /* GHResource.h */,
				6F14B6490FA5F37500F74B4C /* GHResource.m */,
				6F1DC4440F7E5A8A00FCD26D /* GHFeed.h */,
				6F1DC4450F7E5A8A00FCD26D /* GHFeed.m */,
				6F358C5A0FB1EEC4004D2828 /* GHSearch.h */,
				6F358C5B0FB1EEC4004D2828 /* GHSearch.m */,
				6F879AE60FB61C7A00EBD9BD /* GHUsers.h */,
				6F879AE70FB61C7A00EBD9BD /* GHUsers.m */,
				6F35BD370F88B01900E978CD /* GHUser.h */,
				6F35BD380F88B01900E978CD /* GHUser.m */,
			);
			name = Domain;
			sourceTree = "<group>";
		};
		6F1DC4A30F7E5D2200FCD26D /* Controller */ = {
			isa = PBXGroup;
			children = (
				2219ED27142328FF002223D7 /* SettingsController.h */,
				2219ED28142328FF002223D7 /* SettingsController.m */,
				2219ED02142327E5002223D7 /* MyFeedsController.h */,
				2219ED03142327E5002223D7 /* MyFeedsController.m */,
				22FB82261423046B00D63F73 /* FeedEntryController.h */,
				22FB82271423046B00D63F73 /* FeedEntryController.m */,
				1D3623240D0F684500981E51 /* iOctocat.h */,
				1D3623250D0F684500981E51 /* iOctocat.m */,
				6FE91E4A0FAD13D500749370 /* LoginController.h */,
				6FE91E4B0FAD13D500749370 /* LoginController.m */,
				6FED82FF0FACB91000BE5C81 /* FeedController.h */,
				6FED83000FACB91000BE5C81 /* FeedController.m */,
				6F1DC6720F7E8E1900FCD26D /* WebController.h */,
				6F1DC6730F7E8E1900FCD26D /* WebController.m */,
				8C53B4CE0FB0F20B00C3A8E0 /* UsersController.h */,
				8C53B4CF0FB0F20B00C3A8E0 /* UsersController.m */,
				6FC95F1D0F8905F500FC0968 /* UserController.h */,
				6FC95F1E0F8905F500FC0968 /* UserController.m */,
				6F2D9A870FB1887300FFABE9 /* SearchController.h */,
				6F2D9A880FB1887300FFABE9 /* SearchController.m */,
				6F2D9B4F0FB19AF800FFABE9 /* OverlayController.h */,
				6F2D9B500FB19AF800FFABE9 /* OverlayController.m */,
			);
			name = Controller;
			sourceTree = "<group>";
		};
		6F1DC52B0F7E725500FCD26D /* View */ = {
			isa = PBXGroup;
			children = (
				6F1DC52E0F7E727C00FCD26D /* FeedEntryCell.h */,
				6F72FB2E0F9B53810069F092 /* FeedEntryCell.m */,
				6FC9610A0F8935DC00FC0968 /* LabeledCell.h */,
				6FC9610B0F8935DC00FC0968 /* LabeledCell.m */,
				6F5A420C0F90CE0500427ED7 /* TextCell.h */,
				6F5A420D0F90CE0500427ED7 /* TextCell.m */,
				8C53B4D50FB0F32600C3A8E0 /* UserCell.h */,
				8C53B4D60FB0F32600C3A8E0 /* UserCell.m */,
				229D8D1414215CD9009D6A85 /* TrackCell.h */,
				229D8D1514215CD9009D6A85 /* TrackCell.m */,
			);
			name = View;
			sourceTree = "<group>";
		};
		6F1DC5BB0F7E7F3400FCD26D /* Icons */ = {
			isa = PBXGroup;
			children = (
				6F15FAA3123E3EE600E56F92 /* download.png */,
				6F8E7DF3123C0E8B007E93E6 /* pull_request.png */,
				6F2C76E81114EDEF002665DA /* file_added.png */,
				6F2C76E91114EDEF002665DA /* file_modified.png */,
				6F2C76EA1114EDEF002665DA /* file_removed.png */,
				6F2C76EB1114EDEF002665DA /* file_renamed.png */,
				6FCDC63F0FC04D330024E498 /* feed.png */,
				6F879A1B0FB60CB500EBD9BD /* group.png */,
				6F879A1C0FB60CB500EBD9BD /* user.png */,
				6FA92B1A0FACD648001B1D1D /* issues_closed.png */,
				6FA92B1B0FACD648001B1D1D /* issues_open.png */,
				6F1BCBE00FAC586800D66E02 /* upvote.png */,
				6F5653040F99CB62001B6703 /* private.png */,
				6F5653050F99CB62001B6703 /* public.png */,
				6F5653020F99CB52001B6703 /* issue.png */,
				6FCE4DB60F7FE5C600451D6E /* member.png */,
				6FCE4D240F7FD48700451D6E /* commit.png */,
				6FCE4D250F7FD48700451D6E /* delete.png */,
				6FCE4D260F7FD48700451D6E /* follow.png */,
				6FCE4D270F7FD48700451D6E /* gist.png */,
				6F1DC6430F7E8BDA00FCD26D /* watch.png */,
				6F1DC5BE0F7E7F4600FCD26D /* comment.png */,
				6F1DC5BF0F7E7F4600FCD26D /* create.png */,
				6F1DC5C00F7E7F4600FCD26D /* fork.png */,
				6F1DC5C10F7E7F4600FCD26D /* merge.png */,
				6F1DC5C20F7E7F4600FCD26D /* push.png */,
				6F1DC5C40F7E7F4600FCD26D /* wiki.png */,
			);
			name = Icons;
			sourceTree = "<group>";
		};
		6F5E9A971119A96000752560 /* Extensions */ = {
			isa = PBXGroup;
			children = (
				6FE7D3581156AE16004B4D68 /* NSString+Extensions.h */,
				6FE7D3591156AE16004B4D68 /* NSString+Extensions.m */,
				6F5E9A981119A96000752560 /* CDataScanner_Extensions.h */,
				6F5E9A991119A96000752560 /* CDataScanner_Extensions.m */,
				6F5E9A9A1119A96000752560 /* NSCharacterSet_Extensions.h */,
				6F5E9A9B1119A96000752560 /* NSCharacterSet_Extensions.m */,
				6F5E9A9C1119A96000752560 /* NSDate+Nibware.h */,
				6F5E9A9D1119A96000752560 /* NSDate+Nibware.m */,
				6F5E9A9E1119A96000752560 /* NSDictionary_JSONExtensions.h */,
				6F5E9A9F1119A96000752560 /* NSDictionary_JSONExtensions.m */,
				6F5E9AA01119A96000752560 /* NSScanner_Extensions.h */,
				6F5E9AA11119A96000752560 /* NSScanner_Extensions.m */,
			);
			path = Extensions;
			sourceTree = "<group>";
		};
		6F5E9AA21119A96000752560 /* External */ = {
			isa = PBXGroup;
			children = (
				22A3AD1D14219AC2005EE1C3 /* AudioStreamer */,
				6F6F175011E316B3008B319F /* Reachability */,
				6F6F175411E316C5008B319F /* ASI */,
				6F5E9AB01119A96000752560 /* JSON */,
				6F5E9AAC1119A96000752560 /* CDataScanner.h */,
				6F5E9AAD1119A96000752560 /* CDataScanner.m */,
				6F5E9AAE1119A96000752560 /* EGORefreshTableHeaderView.h */,
				6F5E9AAF1119A96000752560 /* EGORefreshTableHeaderView.m */,
				6F5E9AB71119A96000752560 /* PullToRefreshTableViewController.h */,
				6F5E9AB81119A96000752560 /* PullToRefreshTableViewController.m */,
			);
			path = External;
			sourceTree = "<group>";
		};
		6F5E9AB01119A96000752560 /* JSON */ = {
			isa = PBXGroup;
			children = (
				6F5E9AB11119A96000752560 /* CJSONDeserializer.h */,
				6F5E9AB21119A96000752560 /* CJSONDeserializer.m */,
				6F5E9AB31119A96000752560 /* CJSONScanner.h */,
				6F5E9AB41119A96000752560 /* CJSONScanner.m */,
				6F5E9AB51119A96000752560 /* CJSONSerializer.h */,
				6F5E9AB61119A96000752560 /* CJSONSerializer.m */,
			);
			path = JSON;
			sourceTree = "<group>";
		};
		6F5E9C741119D43E00752560 /* Tabbar */ = {
			isa = PBXGroup;
			children = (
				6F316D8B111AD2E400FC4FE9 /* TabBarRepositories.png */,
				6F5E9C751119D43E00752560 /* TabBarFeeds.png */,
				6F5E9C761119D43E00752560 /* TabBarNetwork.png */,
				6F316DA2111ADF2600FC4FE9 /* TabBarInbox.png */,
			);
			name = Tabbar;
			path = Images/Tabbar;
			sourceTree = "<group>";
		};
		6F5E9C781119D43E00752560 /* Toolbar */ = {
			isa = PBXGroup;
			children = (
				6FC0D3E911580DAF00511B7F /* ToolbarCommit.png */,
				6F316D9B111ADBA300FC4FE9 /* ToolbarFavorite.png */,
				6F316D9C111ADBA300FC4FE9 /* ToolbarRepository.png */,
				6F316D97111ADA4F00FC4FE9 /* ToolbarUnwatch.png */,
				6F316D98111ADA4F00FC4FE9 /* ToolbarWatch.png */,
				6F316D95111AD87700FC4FE9 /* ToolbarCompass.png */,
				6F316D93111AD7D700FC4FE9 /* ToolbarUsers.png */,
				6F200899111A12FF00623EC0 /* ToolbarDown.png */,
				6F20089A111A12FF00623EC0 /* ToolbarUp.png */,
				6F5E9C7C1119D4AF00752560 /* ToolbarIssue.png */,
				6F5E9C7D1119D4AF00752560 /* ToolbarUser.png */,
			);
			name = Toolbar;
			path = Images/Toolbar;
			sourceTree = "<group>";
		};
		6F6F175011E316B3008B319F /* Reachability */ = {
			isa = PBXGroup;
			children = (
				6F6F175111E316B3008B319F /* Reachability.h */,
				6F6F175211E316B3008B319F /* Reachability.m */,
			);
			path = Reachability;
			sourceTree = "<group>";
		};
		6F6F175411E316C5008B319F /* ASI */ = {
			isa = PBXGroup;
			children = (
				6F6F175511E316C5008B319F /* ASIAuthenticationDialog.h */,
				6F6F175611E316C5008B319F /* ASIAuthenticationDialog.m */,
				6F6F175711E316C5008B319F /* ASICacheDelegate.h */,
				6F6F175811E316C5008B319F /* ASIDownloadCache.h */,
				6F6F175911E316C5008B319F /* ASIDownloadCache.m */,
				6F6F175A11E316C5008B319F /* ASIFormDataRequest.h */,
				6F6F175B11E316C5008B319F /* ASIFormDataRequest.m */,
				6F6F175C11E316C5008B319F /* ASIHTTPRequest.h */,
				6F6F175D11E316C5008B319F /* ASIHTTPRequest.m */,
				6F6F175E11E316C5008B319F /* ASIHTTPRequestConfig.h */,
				6F6F175F11E316C5008B319F /* ASIHTTPRequestDelegate.h */,
				6F6F176011E316C5008B319F /* ASIInputStream.h */,
				6F6F176111E316C5008B319F /* ASIInputStream.m */,
				6F6F176211E316C5008B319F /* ASINetworkQueue.h */,
				6F6F176311E316C5008B319F /* ASINetworkQueue.m */,
				6F6F176411E316C5008B319F /* ASIProgressDelegate.h */,
			);
			path = ASI;
			sourceTree = "<group>";
		};
		6F74DD750FA76C4200FD90AB /* Backgrounds */ = {
			isa = PBXGroup;
			children = (
				6F2C76AD1114E65A002665DA /* CommitHeadBackground.png */,
				6F879AB00FB6184500EBD9BD /* UserCellBackground.png */,
				6FE91E460FAD115300749370 /* LoginBackground.png */,
				6F1BCC300FAC5C2C00D66E02 /* IssueDetailsHeadBackground.png */,
				6FC95F270F8908ED00FC0968 /* UserTableHeadBackground.png */,
				6F5A427C0F90D66D00427ED7 /* RepositoryTableHeadBackground.png */,
				6F5653140F99DD75001B6703 /* FeedEntryCellBackground.png */,
				6F72FB200F9B51FE0069F092 /* FeedEntryDetailsHeadBackground.png */,
			);
			name = Backgrounds;
			sourceTree = "<group>";
		};
		6FB7FE9F0F7E2C3800E8D702 /* Images */ = {
			isa = PBXGroup;
			children = (
				2215358B14217989005A417D /* Default.png */,
				2215358C14217989005A417D /* Default@2x.png */,
				2215358D14217989005A417D /* icon.png */,
				2215358E14217989005A417D /* icon@2x.png */,
				6F5E9C741119D43E00752560 /* Tabbar */,
				6F5E9C781119D43E00752560 /* Toolbar */,
				6F1DC5BB0F7E7F3400FCD26D /* Icons */,
				6FD61A050FA7AB0A008C751B /* Buttons */,
				6F74DD750FA76C4200FD90AB /* Backgrounds */,
				6F358BF90FB1EA6F004D2828 /* DefaultGravatar.png */,
				6F5E9BC51119B6C000752560 /* RefreshArrow.png */,
			);
			name = Images;
			sourceTree = "<group>";
		};
		6FB7FEA60F7E2C7500E8D702 /* IBFiles */ = {
			isa = PBXGroup;
			children = (
				221535A114218562005A417D /* Player.xib */,
				6FED82980FACA2AE00BE5C81 /* Cells */,
				6FB7FEA90F7E2C8700E8D702 /* MainWindow.xib */,
				6FE91E180FAD088600749370 /* Login.xib */,
				6FA92B300FACD6EA001B1D1D /* MyFeeds.xib */,
				6FCDC66B0FC04F180024E498 /* Feed.xib */,
				6FA92AFC0FACD51A001B1D1D /* FeedEntry.xib */,
				6F879A5B0FB611FD00EBD9BD /* Users.xib */,
				6F5A40860F90B25F00427ED7 /* User.xib */,
				6F59BC930FC6C51800412597 /* Settings.xib */,
				6F5A41780F90C42800427ED7 /* Repository.xib */,
				6F358C050FB1EAE0004D2828 /* Overlay.xib */,
				6F1DC6590F7E8D6900FCD26D /* WebView.xib */,
				6F358C060FB1EAE0004D2828 /* Search.xib */,
			);
			name = IBFiles;
			sourceTree = "<group>";
		};
		6FD61A050FA7AB0A008C751B /* Buttons */ = {
			isa = PBXGroup;
			children = (
				6FD61A060FA7AB26008C751B /* FollowButton.png */,
				6FD61A070FA7AB26008C751B /* UnfollowButton.png */,
				6FD61A080FA7AB26008C751B /* UnwatchButton.png */,
				6FD61A090FA7AB26008C751B /* WatchButton.png */,
			);
			name = Buttons;
			sourceTree = "<group>";
		};
		6FE931D30FC7242A008545A2 /* Utils */ = {
			isa = PBXGroup;
			children = (
				6F1C379A0FCA8F4A00F2FFBF /* Archiving.h */,
				6FE931D40FC72444008545A2 /* Archiver.h */,
				6FE931D50FC72444008545A2 /* Archiver.m */,
				6FCAF1640F895756005E1173 /* GravatarLoader.h */,
				6FCAF1650F895756005E1173 /* GravatarLoader.m */,
			);
			name = Utils;
			sourceTree = "<group>";
		};
		6FED82980FACA2AE00BE5C81 /* Cells */ = {
			isa = PBXGroup;
			children = (
				6F879A5A0FB611FD00EBD9BD /* UserCell.xib */,
				6F74DD880FA76CCA00FD90AB /* FeedEntryCell.xib */,
				229D8D1014215B12009D6A85 /* TrackCell.xib */,
			);
			name = Cells;
			sourceTree = "<group>";
		};
/* End PBXGroup section */

/* Begin PBXNativeTarget section */
		1D6058900D05DD3D006BFB54 /* 1Q84FM */ = {
			isa = PBXNativeTarget;
			buildConfigurationList = 1D6058960D05DD3E006BFB54 /* Build configuration list for PBXNativeTarget "1Q84FM" */;
			buildPhases = (
				1D60588D0D05DD3D006BFB54 /* Resources */,
				1D60588E0D05DD3D006BFB54 /* Sources */,
				1D60588F0D05DD3D006BFB54 /* Frameworks */,
			);
			buildRules = (
			);
			dependencies = (
			);
			name = 1Q84FM;
			productName = iOctocat;
			productReference = 1D6058910D05DD3D006BFB54 /* iOctocat.app */;
			productType = "com.apple.product-type.application";
		};
/* End PBXNativeTarget section */

/* Begin PBXProject section */
		29B97313FDCFA39411CA2CEA /* Project object */ = {
			isa = PBXProject;
			buildConfigurationList = C01FCF4E08A954540054247B /* Build configuration list for PBXProject "iOctocat" */;
			compatibilityVersion = "Xcode 3.1";
			developmentRegion = English;
			hasScannedForEncodings = 1;
			knownRegions = (
				English,
				Japanese,
				French,
				German,
				en,
			);
			mainGroup = 29B97314FDCFA39411CA2CEA /* CustomTemplate */;
			projectDirPath = "";
			projectRoot = "";
			targets = (
				1D6058900D05DD3D006BFB54 /* 1Q84FM */,
			);
		};
/* End PBXProject section */

/* Begin PBXResourcesBuildPhase section */
		1D60588D0D05DD3D006BFB54 /* Resources */ = {
			isa = PBXResourcesBuildPhase;
			buildActionMask = 2147483647;
			files = (
				6FB7FEAB0F7E2C8700E8D702 /* MainWindow.xib in Resources */,
				6F1DC39B0F7E52F000FCD26D /* Settings.bundle in Resources */,
				6F1DC5C50F7E7F4600FCD26D /* comment.png in Resources */,
				6F1DC5C60F7E7F4600FCD26D /* create.png in Resources */,
				6F1DC5C70F7E7F4600FCD26D /* fork.png in Resources */,
				6F1DC5C80F7E7F4600FCD26D /* merge.png in Resources */,
				6F1DC5C90F7E7F4600FCD26D /* push.png in Resources */,
				6F1DC5CB0F7E7F4600FCD26D /* wiki.png in Resources */,
				6F1DC6440F7E8BDA00FCD26D /* watch.png in Resources */,
				6F1DC65A0F7E8D6900FCD26D /* WebView.xib in Resources */,
				6FCE4D280F7FD48700451D6E /* commit.png in Resources */,
				6FCE4D290F7FD48700451D6E /* delete.png in Resources */,
				6FCE4D2A0F7FD48700451D6E /* follow.png in Resources */,
				6FCE4D2B0F7FD48700451D6E /* gist.png in Resources */,
				6FCE4DB70F7FE5C600451D6E /* member.png in Resources */,
				6FC95F280F8908ED00FC0968 /* UserTableHeadBackground.png in Resources */,
				6FF651980F8A9DA200C20E2D /* Entitlements.plist in Resources */,
				6F5A40890F90B25F00427ED7 /* User.xib in Resources */,
				6F5A41790F90C42800427ED7 /* Repository.xib in Resources */,
				6F5A427D0F90D66D00427ED7 /* RepositoryTableHeadBackground.png in Resources */,
				6F5653030F99CB52001B6703 /* issue.png in Resources */,
				6F5653060F99CB62001B6703 /* private.png in Resources */,
				6F5653070F99CB62001B6703 /* public.png in Resources */,
				6F5653150F99DD75001B6703 /* FeedEntryCellBackground.png in Resources */,
				6F72FB210F9B51FE0069F092 /* FeedEntryDetailsHeadBackground.png in Resources */,
				6F74DD890FA76CCA00FD90AB /* FeedEntryCell.xib in Resources */,
				6FD61A0A0FA7AB26008C751B /* FollowButton.png in Resources */,
				6FD61A0B0FA7AB26008C751B /* UnfollowButton.png in Resources */,
				6FD61A0C0FA7AB26008C751B /* UnwatchButton.png in Resources */,
				6FD61A0D0FA7AB26008C751B /* WatchButton.png in Resources */,
				6F1BCBE20FAC586800D66E02 /* upvote.png in Resources */,
				6F1BCC310FAC5C2C00D66E02 /* IssueDetailsHeadBackground.png in Resources */,
				6FA92AFE0FACD51A001B1D1D /* FeedEntry.xib in Resources */,
				6FA92B1C0FACD648001B1D1D /* issues_closed.png in Resources */,
				6FA92B1D0FACD648001B1D1D /* issues_open.png in Resources */,
				6FA92B320FACD6EA001B1D1D /* MyFeeds.xib in Resources */,
				6FE91E190FAD088600749370 /* Login.xib in Resources */,
				6FE91E470FAD115300749370 /* LoginBackground.png in Resources */,
				6F358BFB0FB1EA6F004D2828 /* DefaultGravatar.png in Resources */,
				6F358C090FB1EAE0004D2828 /* Overlay.xib in Resources */,
				6F358C0A0FB1EAE0004D2828 /* Search.xib in Resources */,
				6F879A1D0FB60CB500EBD9BD /* group.png in Resources */,
				6F879A1E0FB60CB500EBD9BD /* user.png in Resources */,
				6F879A5C0FB611FD00EBD9BD /* UserCell.xib in Resources */,
				6F879A5D0FB611FD00EBD9BD /* Users.xib in Resources */,
				6F879AB10FB6184500EBD9BD /* UserCellBackground.png in Resources */,
				6FCDC6400FC04D330024E498 /* feed.png in Resources */,
				6FCDC66C0FC04F180024E498 /* Feed.xib in Resources */,
				6F59BC950FC6C51800412597 /* Settings.xib in Resources */,
				6F2C76AE1114E65A002665DA /* CommitHeadBackground.png in Resources */,
				6F2C76EC1114EDEF002665DA /* file_added.png in Resources */,
				6F2C76ED1114EDEF002665DA /* file_modified.png in Resources */,
				6F2C76EE1114EDEF002665DA /* file_removed.png in Resources */,
				6F2C76EF1114EDEF002665DA /* file_renamed.png in Resources */,
				6F593A041116179D004B70FB /* format.html in Resources */,
				6F5E9BC61119B6C000752560 /* RefreshArrow.png in Resources */,
				6F5E9C791119D43E00752560 /* TabBarFeeds.png in Resources */,
				6F5E9C7A1119D43E00752560 /* TabBarNetwork.png in Resources */,
				6F5E9C7E1119D4AF00752560 /* ToolbarIssue.png in Resources */,
				6F5E9C7F1119D4AF00752560 /* ToolbarUser.png in Resources */,
				6F20089B111A12FF00623EC0 /* ToolbarDown.png in Resources */,
				6F20089C111A12FF00623EC0 /* ToolbarUp.png in Resources */,
				6F316D8C111AD2E400FC4FE9 /* TabBarRepositories.png in Resources */,
				6F316D94111AD7D700FC4FE9 /* ToolbarUsers.png in Resources */,
				6F316D96111AD87700FC4FE9 /* ToolbarCompass.png in Resources */,
				6F316D99111ADA4F00FC4FE9 /* ToolbarUnwatch.png in Resources */,
				6F316D9A111ADA4F00FC4FE9 /* ToolbarWatch.png in Resources */,
				6F316D9D111ADBA300FC4FE9 /* ToolbarFavorite.png in Resources */,
				6F316D9E111ADBA300FC4FE9 /* ToolbarRepository.png in Resources */,
				6F316DA3111ADF2600FC4FE9 /* TabBarInbox.png in Resources */,
				6FC0D3EA11580DAF00511B7F /* ToolbarCommit.png in Resources */,
				6F8E7DF4123C0E8B007E93E6 /* pull_request.png in Resources */,
				6F15FAA4123E3EE600E56F92 /* download.png in Resources */,
				229D8D1114215B12009D6A85 /* TrackCell.xib in Resources */,
				2215358F14217989005A417D /* Default.png in Resources */,
				2215359014217989005A417D /* Default@2x.png in Resources */,
				2215359114217989005A417D /* icon.png in Resources */,
				2215359214217989005A417D /* icon@2x.png in Resources */,
				221535A214218562005A417D /* Player.xib in Resources */,
			);
			runOnlyForDeploymentPostprocessing = 0;
		};
/* End PBXResourcesBuildPhase section */

/* Begin PBXSourcesBuildPhase section */
		1D60588E0D05DD3D006BFB54 /* Sources */ = {
			isa = PBXSourcesBuildPhase;
			buildActionMask = 2147483647;
			files = (
				1D60589B0D05DD56006BFB54 /* main.m in Sources */,
				1D3623260D0F684500981E51 /* iOctocat.m in Sources */,
				6F1DC4460F7E5A8A00FCD26D /* GHFeed.m in Sources */,
				6F1DC6740F7E8E1900FCD26D /* WebController.m in Sources */,
				6F35BD390F88B01900E978CD /* GHUser.m in Sources */,
				6FC95F1F0F8905F500FC0968 /* UserController.m in Sources */,
				6FC9610C0F8935DC00FC0968 /* LabeledCell.m in Sources */,
				6FCAF1660F895756005E1173 /* GravatarLoader.m in Sources */,
				6F5A420E0F90CE0500427ED7 /* TextCell.m in Sources */,
				6F72FB2F0F9B53810069F092 /* FeedEntryCell.m in Sources */,
				6F14B64A0FA5F37500F74B4C /* GHResource.m in Sources */,
				6FED83010FACB91000BE5C81 /* FeedController.m in Sources */,
				6FE91E4C0FAD13D500749370 /* LoginController.m in Sources */,
				8C53B4D00FB0F20B00C3A8E0 /* UsersController.m in Sources */,
				8C53B4D70FB0F32600C3A8E0 /* UserCell.m in Sources */,
				6F2D9A890FB1887300FFABE9 /* SearchController.m in Sources */,
				6F2D9B510FB19AF800FFABE9 /* OverlayController.m in Sources */,
				6F358C5C0FB1EEC4004D2828 /* GHSearch.m in Sources */,
				6F879AE80FB61C7A00EBD9BD /* GHUsers.m in Sources */,
				6FE931D60FC72444008545A2 /* Archiver.m in Sources */,
				6F5E9ABB1119A96000752560 /* CDataScanner_Extensions.m in Sources */,
				6F5E9ABC1119A96000752560 /* NSCharacterSet_Extensions.m in Sources */,
				6F5E9ABD1119A96000752560 /* NSDate+Nibware.m in Sources */,
				6F5E9ABE1119A96000752560 /* NSDictionary_JSONExtensions.m in Sources */,
				6F5E9ABF1119A96000752560 /* NSScanner_Extensions.m in Sources */,
				6F5E9AC41119A96000752560 /* CDataScanner.m in Sources */,
				6F5E9AC51119A96000752560 /* EGORefreshTableHeaderView.m in Sources */,
				6F5E9AC61119A96000752560 /* CJSONDeserializer.m in Sources */,
				6F5E9AC71119A96000752560 /* CJSONScanner.m in Sources */,
				6F5E9AC81119A96000752560 /* CJSONSerializer.m in Sources */,
				6F5E9AC91119A96000752560 /* PullToRefreshTableViewController.m in Sources */,
				6FE7D35A1156AE16004B4D68 /* NSString+Extensions.m in Sources */,
				6F6F175311E316B3008B319F /* Reachability.m in Sources */,
				6F6F176511E316C5008B319F /* ASIAuthenticationDialog.m in Sources */,
				6F6F176611E316C5008B319F /* ASIDownloadCache.m in Sources */,
				6F6F176711E316C5008B319F /* ASIFormDataRequest.m in Sources */,
				6F6F176811E316C5008B319F /* ASIHTTPRequest.m in Sources */,
				6F6F176911E316C5008B319F /* ASIInputStream.m in Sources */,
				6F6F176A11E316C5008B319F /* ASINetworkQueue.m in Sources */,
				229D8C4F14214865009D6A85 /* GHGravatar.m in Sources */,
				229D8D1614215CD9009D6A85 /* TrackCell.m in Sources */,
				22A3AD1A14219ABE005EE1C3 /* AudioStreamer.m in Sources */,
				22A3AD1B14219ABE005EE1C3 /* UIDevice+Hardware.m in Sources */,
				22FB82281423046B00D63F73 /* FeedEntryController.m in Sources */,
				22FB822B1423049100D63F73 /* GHFeedEntry.m in Sources */,
				22FB8231142304B300D63F73 /* GHFeedParserDelegate.m in Sources */,
				22FB8232142304B300D63F73 /* GHResourcesParserDelegate.m in Sources */,
				22D28CA1142306EB0044E18D /* GHTrack.m in Sources */,
				2219ED04142327E5002223D7 /* MyFeedsController.m in Sources */,
				2219ED29142328FF002223D7 /* SettingsController.m in Sources */,
			);
			runOnlyForDeploymentPostprocessing = 0;
		};
/* End PBXSourcesBuildPhase section */

/* Begin XCBuildConfiguration section */
		1D6058940D05DD3E006BFB54 /* Debug */ = {
			isa = XCBuildConfiguration;
			buildSettings = {
				ALWAYS_SEARCH_USER_PATHS = NO;
				COPY_PHASE_STRIP = NO;
				GCC_DYNAMIC_NO_PIC = NO;
				GCC_OPTIMIZATION_LEVEL = 0;
				GCC_PRECOMPILE_PREFIX_HEADER = YES;
				GCC_PREFIX_HEADER = iOctocat_Prefix.pch;
				INFOPLIST_FILE = Info.plist;
				PRODUCT_NAME = iOctocat;
				SDKROOT = iphonesimulator4.1;
			};
			name = Debug;
		};
		1D6058950D05DD3E006BFB54 /* Release */ = {
			isa = XCBuildConfiguration;
			buildSettings = {
				ALWAYS_SEARCH_USER_PATHS = NO;
				COPY_PHASE_STRIP = YES;
				GCC_PRECOMPILE_PREFIX_HEADER = YES;
				GCC_PREFIX_HEADER = iOctocat_Prefix.pch;
				INFOPLIST_FILE = Info.plist;
				PRODUCT_NAME = iOctocat;
				SDKROOT = iphonesimulator4.1;
			};
			name = Release;
		};
		6F77CD830F7E9DF2009A0213 /* App Store Distribution */ = {
			isa = XCBuildConfiguration;
			buildSettings = {
				ARCHS = "$(ARCHS_STANDARD_32_BIT)";
				"CODE_SIGN_IDENTITY[sdk=iphoneos*]" = "iPhone Distribution: Dennis Blöte";
				GCC_C_LANGUAGE_STANDARD = c99;
				GCC_WARN_ABOUT_RETURN_TYPE = YES;
				GCC_WARN_UNUSED_VARIABLE = YES;
				ICON_NAME = Icon;
				IPHONEOS_DEPLOYMENT_TARGET = 3.0;
				PREBINDING = NO;
				PRODUCT_NAME = iOctocat;
				"PROVISIONING_PROFILE[sdk=iphoneos*]" = "244683EC-D90A-43B3-9C68-048C8602E45C";
				SDKROOT = iphoneos;
				VALIDATE_PRODUCT = YES;
			};
			name = "App Store Distribution";
		};
		6F77CD840F7E9DF2009A0213 /* App Store Distribution */ = {
			isa = XCBuildConfiguration;
			buildSettings = {
				ALWAYS_SEARCH_USER_PATHS = NO;
				COPY_PHASE_STRIP = YES;
				GCC_PRECOMPILE_PREFIX_HEADER = YES;
				GCC_PREFIX_HEADER = iOctocat_Prefix.pch;
				INFOPLIST_FILE = Info.plist;
				PRODUCT_NAME = iOctocat;
				SDKROOT = iphonesimulator4.1;
			};
			name = "App Store Distribution";
		};
		6FC806440FA868D1008D2DA6 /* Ad Hoc Distribution */ = {
			isa = XCBuildConfiguration;
			buildSettings = {
				ARCHS = "$(ARCHS_STANDARD_32_BIT)";
				CODE_SIGN_ENTITLEMENTS = Entitlements.plist;
				"CODE_SIGN_IDENTITY[sdk=iphoneos*]" = "iPhone Distribution: Dennis Blöte";
				GCC_C_LANGUAGE_STANDARD = c99;
				GCC_WARN_ABOUT_RETURN_TYPE = YES;
				GCC_WARN_UNUSED_VARIABLE = YES;
				ICON_NAME = IconOctocat;
				IPHONEOS_DEPLOYMENT_TARGET = 3.0;
				PREBINDING = NO;
				PRODUCT_NAME = iOctocat;
				"PROVISIONING_PROFILE[sdk=iphoneos*]" = "98293887-3607-4957-A0F1-5D1289864984";
				SDKROOT = iphoneos;
				VALIDATE_PRODUCT = YES;
			};
			name = "Ad Hoc Distribution";
		};
		6FC806450FA868D1008D2DA6 /* Ad Hoc Distribution */ = {
			isa = XCBuildConfiguration;
			buildSettings = {
				ALWAYS_SEARCH_USER_PATHS = NO;
				COPY_PHASE_STRIP = YES;
				GCC_PRECOMPILE_PREFIX_HEADER = YES;
				GCC_PREFIX_HEADER = iOctocat_Prefix.pch;
				INFOPLIST_FILE = Info.plist;
				PRODUCT_NAME = iOctocat;
				SDKROOT = iphonesimulator4.1;
			};
			name = "Ad Hoc Distribution";
		};
		6FFC32AF10AF42FB00DD7014 /* Analyze */ = {
			isa = XCBuildConfiguration;
			buildSettings = {
				ARCHS = "$(ARCHS_STANDARD_32_BIT)";
				CODE_SIGN_ENTITLEMENTS = "";
				"CODE_SIGN_IDENTITY[sdk=iphoneos*]" = "iPhone Developer";
				GCC_C_LANGUAGE_STANDARD = c99;
				GCC_VERSION = 4.2;
				GCC_WARN_ABOUT_RETURN_TYPE = YES;
				GCC_WARN_UNUSED_VARIABLE = YES;
				ICON_NAME = IconOctocat;
				IPHONEOS_DEPLOYMENT_TARGET = 3.0;
				ONLY_ACTIVE_ARCH = NO;
				PREBINDING = NO;
				PRODUCT_NAME = iOctocat;
				"PROVISIONING_PROFILE[sdk=iphoneos*]" = "";
				RUN_CLANG_STATIC_ANALYZER = YES;
				SDKROOT = iphoneos;
			};
			name = Analyze;
		};
		6FFC32B010AF42FB00DD7014 /* Analyze */ = {
			isa = XCBuildConfiguration;
			buildSettings = {
				ALWAYS_SEARCH_USER_PATHS = NO;
				COPY_PHASE_STRIP = NO;
				GCC_DYNAMIC_NO_PIC = NO;
				GCC_OPTIMIZATION_LEVEL = 0;
				GCC_PRECOMPILE_PREFIX_HEADER = YES;
				GCC_PREFIX_HEADER = iOctocat_Prefix.pch;
				INFOPLIST_FILE = Info.plist;
				PRODUCT_NAME = iOctocat;
				SDKROOT = iphonesimulator4.1;
			};
			name = Analyze;
		};
		C01FCF4F08A954540054247B /* Debug */ = {
			isa = XCBuildConfiguration;
			buildSettings = {
				ARCHS = "$(ARCHS_STANDARD_32_BIT)";
				CODE_SIGN_ENTITLEMENTS = "";
				"CODE_SIGN_IDENTITY[sdk=iphoneos*]" = "iPhone Developer";
				GCC_C_LANGUAGE_STANDARD = c99;
				GCC_PREPROCESSOR_DEFINITIONS = "DEBUG=1";
				GCC_VERSION = "";
				GCC_WARN_ABOUT_RETURN_TYPE = YES;
				GCC_WARN_UNUSED_VARIABLE = YES;
				ICON_NAME = IconOctocat;
				IPHONEOS_DEPLOYMENT_TARGET = 3.0;
				ONLY_ACTIVE_ARCH = YES;
				PREBINDING = NO;
				PRODUCT_NAME = iOctocat;
				"PROVISIONING_PROFILE[sdk=iphoneos*]" = "";
				SDKROOT = iphoneos;
			};
			name = Debug;
		};
		C01FCF5008A954540054247B /* Release */ = {
			isa = XCBuildConfiguration;
			buildSettings = {
				ARCHS = "$(ARCHS_STANDARD_32_BIT)";
				"CODE_SIGN_IDENTITY[sdk=iphoneos*]" = "iPhone Developer";
				GCC_C_LANGUAGE_STANDARD = c99;
				GCC_WARN_ABOUT_RETURN_TYPE = YES;
				GCC_WARN_UNUSED_VARIABLE = YES;
				ICON_NAME = IconOctocat;
				IPHONEOS_DEPLOYMENT_TARGET = 3.0;
				PREBINDING = NO;
				PRODUCT_NAME = iOctocat;
				"PROVISIONING_PROFILE[sdk=iphoneos*]" = "";
				SDKROOT = iphoneos;
			};
			name = Release;
		};
/* End XCBuildConfiguration section */

/* Begin XCConfigurationList section */
		1D6058960D05DD3E006BFB54 /* Build configuration list for PBXNativeTarget "1Q84FM" */ = {
			isa = XCConfigurationList;
			buildConfigurations = (
				1D6058940D05DD3E006BFB54 /* Debug */,
				6FFC32B010AF42FB00DD7014 /* Analyze */,
				1D6058950D05DD3E006BFB54 /* Release */,
				6FC806450FA868D1008D2DA6 /* Ad Hoc Distribution */,
				6F77CD840F7E9DF2009A0213 /* App Store Distribution */,
			);
			defaultConfigurationIsVisible = 0;
			defaultConfigurationName = Release;
		};
		C01FCF4E08A954540054247B /* Build configuration list for PBXProject "iOctocat" */ = {
			isa = XCConfigurationList;
			buildConfigurations = (
				C01FCF4F08A954540054247B /* Debug */,
				6FFC32AF10AF42FB00DD7014 /* Analyze */,
				C01FCF5008A954540054247B /* Release */,
				6FC806440FA868D1008D2DA6 /* Ad Hoc Distribution */,
				6F77CD830F7E9DF2009A0213 /* App Store Distribution */,
			);
			defaultConfigurationIsVisible = 0;
			defaultConfigurationName = Release;
		};
/* End XCConfigurationList section */
	};
	rootObject = 29B97313FDCFA39411CA2CEA /* Project object */;
}
